// !$*UTF8*$!
{
	archiveVersion = 1;
	classes = {
	};
	objectVersion = 56;
	objects = {

/* Begin PBXBuildFile section */
		2A35EDA1F6F1B54EC4E9AEF0 /* Pods_GetARock_GetARockUITests.framework in Frameworks */ = {isa = PBXBuildFile; fileRef = 2CDE4C1D1C0D8EC9E6B8B706 /* Pods_GetARock_GetARockUITests.framework */; };
		4A08A9B4297BB0A300822FF9 /* PositionCollectionView.swift in Sources */ = {isa = PBXBuildFile; fileRef = 4A08A9B3297BB0A300822FF9 /* PositionCollectionView.swift */; };
		4A08A9B6297BC39000822FF9 /* PositionCollectionViewCell.swift in Sources */ = {isa = PBXBuildFile; fileRef = 4A08A9B5297BC39000822FF9 /* PositionCollectionViewCell.swift */; };
		4A08A9B8297C05F800822FF9 /* NSObject+Extension.swift in Sources */ = {isa = PBXBuildFile; fileRef = 4A08A9B7297C05F800822FF9 /* NSObject+Extension.swift */; };
		4AF5845A2978E497008F4068 /* UIView+Constraints.swift in Sources */ = {isa = PBXBuildFile; fileRef = 4AF584592978E497008F4068 /* UIView+Constraints.swift */; };
		943928805D82F089F179FC19 /* Pods_GetARock.framework in Frameworks */ = {isa = PBXBuildFile; fileRef = B7323F5DF501B54C2FAD4892 /* Pods_GetARock.framework */; };
		A769E177D6AA52251CAA0997 /* Pods_GetARockTests.framework in Frameworks */ = {isa = PBXBuildFile; fileRef = 77F817079C25E9C663E82B27 /* Pods_GetARockTests.framework */; };
		B88E1B9F2977A70E006072B7 /* AppDelegate.swift in Sources */ = {isa = PBXBuildFile; fileRef = B88E1B9E2977A70E006072B7 /* AppDelegate.swift */; };
		B88E1BA12977A70E006072B7 /* SceneDelegate.swift in Sources */ = {isa = PBXBuildFile; fileRef = B88E1BA02977A70E006072B7 /* SceneDelegate.swift */; };
		B88E1BA82977A70F006072B7 /* Assets.xcassets in Resources */ = {isa = PBXBuildFile; fileRef = B88E1BA72977A70F006072B7 /* Assets.xcassets */; };
		B88E1BB62977A70F006072B7 /* GetARockTests.swift in Sources */ = {isa = PBXBuildFile; fileRef = B88E1BB52977A70F006072B7 /* GetARockTests.swift */; };
		B88E1BC02977A70F006072B7 /* GetARockUITests.swift in Sources */ = {isa = PBXBuildFile; fileRef = B88E1BBF2977A70F006072B7 /* GetARockUITests.swift */; };
		B88E1BC22977A70F006072B7 /* GetARockUITestsLaunchTests.swift in Sources */ = {isa = PBXBuildFile; fileRef = B88E1BC12977A70F006072B7 /* GetARockUITestsLaunchTests.swift */; };
		B88E1BD32977A95E006072B7 /* BaseViewController.swift in Sources */ = {isa = PBXBuildFile; fileRef = B88E1BD22977A95E006072B7 /* BaseViewController.swift */; };
		B88E1BD72977AB3D006072B7 /* ImageLiteral.swift in Sources */ = {isa = PBXBuildFile; fileRef = B88E1BD62977AB3D006072B7 /* ImageLiteral.swift */; };
		B88E1BD92977ABD9006072B7 /* StringLiteral.swift in Sources */ = {isa = PBXBuildFile; fileRef = B88E1BD82977ABD9006072B7 /* StringLiteral.swift */; };
		B88E1BDF2977ACB6006072B7 /* SampleView.swift in Sources */ = {isa = PBXBuildFile; fileRef = B88E1BDE2977ACB6006072B7 /* SampleView.swift */; };
		B88E1BE12977AD2D006072B7 /* UIColor+Extension.swift in Sources */ = {isa = PBXBuildFile; fileRef = B88E1BE02977AD2D006072B7 /* UIColor+Extension.swift */; };
		B88E1BE52977AEC2006072B7 /* LandingViewController.swift in Sources */ = {isa = PBXBuildFile; fileRef = B88E1BE42977AEC2006072B7 /* LandingViewController.swift */; };
/* End PBXBuildFile section */

/* Begin PBXContainerItemProxy section */
		B88E1BB22977A70F006072B7 /* PBXContainerItemProxy */ = {
			isa = PBXContainerItemProxy;
			containerPortal = B88E1B932977A70E006072B7 /* Project object */;
			proxyType = 1;
			remoteGlobalIDString = B88E1B9A2977A70E006072B7;
			remoteInfo = GetARock;
		};
		B88E1BBC2977A70F006072B7 /* PBXContainerItemProxy */ = {
			isa = PBXContainerItemProxy;
			containerPortal = B88E1B932977A70E006072B7 /* Project object */;
			proxyType = 1;
			remoteGlobalIDString = B88E1B9A2977A70E006072B7;
			remoteInfo = GetARock;
		};
/* End PBXContainerItemProxy section */

/* Begin PBXFileReference section */
		042CA552869A689C62642FFF /* Pods-GetARock-GetARockUITests.release.xcconfig */ = {isa = PBXFileReference; includeInIndex = 1; lastKnownFileType = text.xcconfig; name = "Pods-GetARock-GetARockUITests.release.xcconfig"; path = "Target Support Files/Pods-GetARock-GetARockUITests/Pods-GetARock-GetARockUITests.release.xcconfig"; sourceTree = "<group>"; };
		159F0019C5C9AB3A427BD907 /* Pods-GetARockTests.release.xcconfig */ = {isa = PBXFileReference; includeInIndex = 1; lastKnownFileType = text.xcconfig; name = "Pods-GetARockTests.release.xcconfig"; path = "Target Support Files/Pods-GetARockTests/Pods-GetARockTests.release.xcconfig"; sourceTree = "<group>"; };
		1C72EC7590FAAB055CED6028 /* Pods-GetARockTests.debug.xcconfig */ = {isa = PBXFileReference; includeInIndex = 1; lastKnownFileType = text.xcconfig; name = "Pods-GetARockTests.debug.xcconfig"; path = "Target Support Files/Pods-GetARockTests/Pods-GetARockTests.debug.xcconfig"; sourceTree = "<group>"; };
		2CDE4C1D1C0D8EC9E6B8B706 /* Pods_GetARock_GetARockUITests.framework */ = {isa = PBXFileReference; explicitFileType = wrapper.framework; includeInIndex = 0; path = Pods_GetARock_GetARockUITests.framework; sourceTree = BUILT_PRODUCTS_DIR; };
		4A08A9B3297BB0A300822FF9 /* PositionCollectionView.swift */ = {isa = PBXFileReference; lastKnownFileType = sourcecode.swift; path = PositionCollectionView.swift; sourceTree = "<group>"; };
		4A08A9B5297BC39000822FF9 /* PositionCollectionViewCell.swift */ = {isa = PBXFileReference; lastKnownFileType = sourcecode.swift; path = PositionCollectionViewCell.swift; sourceTree = "<group>"; };
		4A08A9B7297C05F800822FF9 /* NSObject+Extension.swift */ = {isa = PBXFileReference; lastKnownFileType = sourcecode.swift; path = "NSObject+Extension.swift"; sourceTree = "<group>"; };
		4AF584592978E497008F4068 /* UIView+Constraints.swift */ = {isa = PBXFileReference; lastKnownFileType = sourcecode.swift; path = "UIView+Constraints.swift"; sourceTree = "<group>"; };
		6CC3391D5CB01B869CFE1F20 /* Pods-GetARock.release.xcconfig */ = {isa = PBXFileReference; includeInIndex = 1; lastKnownFileType = text.xcconfig; name = "Pods-GetARock.release.xcconfig"; path = "Target Support Files/Pods-GetARock/Pods-GetARock.release.xcconfig"; sourceTree = "<group>"; };
		73E771CD1A9B64570FE2B572 /* Pods-GetARock.debug.xcconfig */ = {isa = PBXFileReference; includeInIndex = 1; lastKnownFileType = text.xcconfig; name = "Pods-GetARock.debug.xcconfig"; path = "Target Support Files/Pods-GetARock/Pods-GetARock.debug.xcconfig"; sourceTree = "<group>"; };
		77F817079C25E9C663E82B27 /* Pods_GetARockTests.framework */ = {isa = PBXFileReference; explicitFileType = wrapper.framework; includeInIndex = 0; path = Pods_GetARockTests.framework; sourceTree = BUILT_PRODUCTS_DIR; };
		9519F0525025E6972410CA40 /* Pods-GetARock-GetARockUITests.debug.xcconfig */ = {isa = PBXFileReference; includeInIndex = 1; lastKnownFileType = text.xcconfig; name = "Pods-GetARock-GetARockUITests.debug.xcconfig"; path = "Target Support Files/Pods-GetARock-GetARockUITests/Pods-GetARock-GetARockUITests.debug.xcconfig"; sourceTree = "<group>"; };
		B7323F5DF501B54C2FAD4892 /* Pods_GetARock.framework */ = {isa = PBXFileReference; explicitFileType = wrapper.framework; includeInIndex = 0; path = Pods_GetARock.framework; sourceTree = BUILT_PRODUCTS_DIR; };
		B88E1B9B2977A70E006072B7 /* GetARock.app */ = {isa = PBXFileReference; explicitFileType = wrapper.application; includeInIndex = 0; path = GetARock.app; sourceTree = BUILT_PRODUCTS_DIR; };
		B88E1B9E2977A70E006072B7 /* AppDelegate.swift */ = {isa = PBXFileReference; lastKnownFileType = sourcecode.swift; path = AppDelegate.swift; sourceTree = "<group>"; };
		B88E1BA02977A70E006072B7 /* SceneDelegate.swift */ = {isa = PBXFileReference; lastKnownFileType = sourcecode.swift; path = SceneDelegate.swift; sourceTree = "<group>"; };
		B88E1BA72977A70F006072B7 /* Assets.xcassets */ = {isa = PBXFileReference; lastKnownFileType = folder.assetcatalog; path = Assets.xcassets; sourceTree = "<group>"; };
		B88E1BAC2977A70F006072B7 /* Info.plist */ = {isa = PBXFileReference; lastKnownFileType = text.plist.xml; name = Info.plist; path = GetARock/Global/Supports/Info.plist; sourceTree = SOURCE_ROOT; };
		B88E1BB12977A70F006072B7 /* GetARockTests.xctest */ = {isa = PBXFileReference; explicitFileType = wrapper.cfbundle; includeInIndex = 0; path = GetARockTests.xctest; sourceTree = BUILT_PRODUCTS_DIR; };
		B88E1BB52977A70F006072B7 /* GetARockTests.swift */ = {isa = PBXFileReference; lastKnownFileType = sourcecode.swift; path = GetARockTests.swift; sourceTree = "<group>"; };
		B88E1BBB2977A70F006072B7 /* GetARockUITests.xctest */ = {isa = PBXFileReference; explicitFileType = wrapper.cfbundle; includeInIndex = 0; path = GetARockUITests.xctest; sourceTree = BUILT_PRODUCTS_DIR; };
		B88E1BBF2977A70F006072B7 /* GetARockUITests.swift */ = {isa = PBXFileReference; lastKnownFileType = sourcecode.swift; path = GetARockUITests.swift; sourceTree = "<group>"; };
		B88E1BC12977A70F006072B7 /* GetARockUITestsLaunchTests.swift */ = {isa = PBXFileReference; lastKnownFileType = sourcecode.swift; path = GetARockUITestsLaunchTests.swift; sourceTree = "<group>"; };
		B88E1BD22977A95E006072B7 /* BaseViewController.swift */ = {isa = PBXFileReference; lastKnownFileType = sourcecode.swift; path = BaseViewController.swift; sourceTree = "<group>"; };
		B88E1BD62977AB3D006072B7 /* ImageLiteral.swift */ = {isa = PBXFileReference; lastKnownFileType = sourcecode.swift; path = ImageLiteral.swift; sourceTree = "<group>"; };
		B88E1BD82977ABD9006072B7 /* StringLiteral.swift */ = {isa = PBXFileReference; lastKnownFileType = sourcecode.swift; path = StringLiteral.swift; sourceTree = "<group>"; };
		B88E1BDE2977ACB6006072B7 /* SampleView.swift */ = {isa = PBXFileReference; lastKnownFileType = sourcecode.swift; path = SampleView.swift; sourceTree = "<group>"; };
		B88E1BE02977AD2D006072B7 /* UIColor+Extension.swift */ = {isa = PBXFileReference; lastKnownFileType = sourcecode.swift; path = "UIColor+Extension.swift"; sourceTree = "<group>"; };
		B88E1BE42977AEC2006072B7 /* LandingViewController.swift */ = {isa = PBXFileReference; lastKnownFileType = sourcecode.swift; path = LandingViewController.swift; sourceTree = "<group>"; };
/* End PBXFileReference section */

/* Begin PBXFrameworksBuildPhase section */
		B88E1B982977A70E006072B7 /* Frameworks */ = {
			isa = PBXFrameworksBuildPhase;
			buildActionMask = 2147483647;
			files = (
				943928805D82F089F179FC19 /* Pods_GetARock.framework in Frameworks */,
			);
			runOnlyForDeploymentPostprocessing = 0;
		};
		B88E1BAE2977A70F006072B7 /* Frameworks */ = {
			isa = PBXFrameworksBuildPhase;
			buildActionMask = 2147483647;
			files = (
				A769E177D6AA52251CAA0997 /* Pods_GetARockTests.framework in Frameworks */,
			);
			runOnlyForDeploymentPostprocessing = 0;
		};
		B88E1BB82977A70F006072B7 /* Frameworks */ = {
			isa = PBXFrameworksBuildPhase;
			buildActionMask = 2147483647;
			files = (
				2A35EDA1F6F1B54EC4E9AEF0 /* Pods_GetARock_GetARockUITests.framework in Frameworks */,
			);
			runOnlyForDeploymentPostprocessing = 0;
		};
/* End PBXFrameworksBuildPhase section */

/* Begin PBXGroup section */
		2685C6FCDD94E79E5F5908F9 /* Pods */ = {
			isa = PBXGroup;
			children = (
				73E771CD1A9B64570FE2B572 /* Pods-GetARock.debug.xcconfig */,
				6CC3391D5CB01B869CFE1F20 /* Pods-GetARock.release.xcconfig */,
				9519F0525025E6972410CA40 /* Pods-GetARock-GetARockUITests.debug.xcconfig */,
				042CA552869A689C62642FFF /* Pods-GetARock-GetARockUITests.release.xcconfig */,
				1C72EC7590FAAB055CED6028 /* Pods-GetARockTests.debug.xcconfig */,
				159F0019C5C9AB3A427BD907 /* Pods-GetARockTests.release.xcconfig */,
			);
			path = Pods;
			sourceTree = "<group>";
		};
		4AF584582978E46A008F4068 /* Utils */ = {
			isa = PBXGroup;
			children = (
				4AF584592978E497008F4068 /* UIView+Constraints.swift */,
			);
			path = Utils;
			sourceTree = "<group>";
		};
		90B6AD933F47E441CE914747 /* Frameworks */ = {
			isa = PBXGroup;
			children = (
				B7323F5DF501B54C2FAD4892 /* Pods_GetARock.framework */,
				2CDE4C1D1C0D8EC9E6B8B706 /* Pods_GetARock_GetARockUITests.framework */,
				77F817079C25E9C663E82B27 /* Pods_GetARockTests.framework */,
			);
			name = Frameworks;
			sourceTree = "<group>";
		};
		B88E1B922977A70E006072B7 = {
			isa = PBXGroup;
			children = (
				B88E1B9D2977A70E006072B7 /* GetARock */,
				B88E1BB42977A70F006072B7 /* GetARockTests */,
				B88E1BBE2977A70F006072B7 /* GetARockUITests */,
				B88E1B9C2977A70E006072B7 /* Products */,
				2685C6FCDD94E79E5F5908F9 /* Pods */,
				90B6AD933F47E441CE914747 /* Frameworks */,
			);
			indentWidth = 4;
			sourceTree = "<group>";
			tabWidth = 4;
		};
		B88E1B9C2977A70E006072B7 /* Products */ = {
			isa = PBXGroup;
			children = (
				B88E1B9B2977A70E006072B7 /* GetARock.app */,
				B88E1BB12977A70F006072B7 /* GetARockTests.xctest */,
				B88E1BBB2977A70F006072B7 /* GetARockUITests.xctest */,
			);
			name = Products;
			sourceTree = "<group>";
		};
		B88E1B9D2977A70E006072B7 /* GetARock */ = {
			isa = PBXGroup;
			children = (
				B88E1BCE2977A8C6006072B7 /* Global */,
				B88E1BCF2977A8CD006072B7 /* Screens */,
			);
			path = GetARock;
			sourceTree = "<group>";
		};
		B88E1BB42977A70F006072B7 /* GetARockTests */ = {
			isa = PBXGroup;
			children = (
				B88E1BB52977A70F006072B7 /* GetARockTests.swift */,
			);
			path = GetARockTests;
			sourceTree = "<group>";
		};
		B88E1BBE2977A70F006072B7 /* GetARockUITests */ = {
			isa = PBXGroup;
			children = (
				B88E1BBF2977A70F006072B7 /* GetARockUITests.swift */,
				B88E1BC12977A70F006072B7 /* GetARockUITestsLaunchTests.swift */,
			);
			path = GetARockUITests;
			sourceTree = "<group>";
		};
		B88E1BCE2977A8C6006072B7 /* Global */ = {
			isa = PBXGroup;
			children = (
				4AF584582978E46A008F4068 /* Utils */,
				B88E1BD12977A944006072B7 /* Base */,
				B88E1BD02977A921006072B7 /* Supports */,
				B88E1BD52977AB23006072B7 /* Literal */,
				B88E1BD42977AABF006072B7 /* Extension */,
				B88E1BDB2977AC7E006072B7 /* UIComponent */,
				B88E1BDA2977AC4E006072B7 /* Resource */,
			);
			path = Global;
			sourceTree = "<group>";
		};
		B88E1BCF2977A8CD006072B7 /* Screens */ = {
			isa = PBXGroup;
			children = (
				B88E1BE22977AE1D006072B7 /* Landing */,
			);
			path = Screens;
			sourceTree = "<group>";
		};
		B88E1BD02977A921006072B7 /* Supports */ = {
			isa = PBXGroup;
			children = (
				B88E1BAC2977A70F006072B7 /* Info.plist */,
				B88E1B9E2977A70E006072B7 /* AppDelegate.swift */,
				B88E1BA02977A70E006072B7 /* SceneDelegate.swift */,
			);
			path = Supports;
			sourceTree = "<group>";
		};
		B88E1BD12977A944006072B7 /* Base */ = {
			isa = PBXGroup;
			children = (
				B88E1BD22977A95E006072B7 /* BaseViewController.swift */,
			);
			path = Base;
			sourceTree = "<group>";
		};
		B88E1BD42977AABF006072B7 /* Extension */ = {
			isa = PBXGroup;
			children = (
				B88E1BE02977AD2D006072B7 /* UIColor+Extension.swift */,
				4A08A9B7297C05F800822FF9 /* NSObject+Extension.swift */,
			);
			path = Extension;
			sourceTree = "<group>";
		};
		B88E1BD52977AB23006072B7 /* Literal */ = {
			isa = PBXGroup;
			children = (
				B88E1BD82977ABD9006072B7 /* StringLiteral.swift */,
				B88E1BD62977AB3D006072B7 /* ImageLiteral.swift */,
			);
			path = Literal;
			sourceTree = "<group>";
		};
		B88E1BDA2977AC4E006072B7 /* Resource */ = {
			isa = PBXGroup;
			children = (
				B88E1BA72977A70F006072B7 /* Assets.xcassets */,
			);
			path = Resource;
			sourceTree = "<group>";
		};
		B88E1BDB2977AC7E006072B7 /* UIComponent */ = {
			isa = PBXGroup;
			children = (
				B88E1BDE2977ACB6006072B7 /* SampleView.swift */,
				4A08A9B3297BB0A300822FF9 /* PositionCollectionView.swift */,
				4A08A9B5297BC39000822FF9 /* PositionCollectionViewCell.swift */,
			);
			path = UIComponent;
			sourceTree = "<group>";
		};
		B88E1BE22977AE1D006072B7 /* Landing */ = {
			isa = PBXGroup;
			children = (
				B88E1BE32977AEB4006072B7 /* View */,
			);
			path = Landing;
			sourceTree = "<group>";
		};
		B88E1BE32977AEB4006072B7 /* View */ = {
			isa = PBXGroup;
			children = (
				B88E1BE42977AEC2006072B7 /* LandingViewController.swift */,
			);
			path = View;
			sourceTree = "<group>";
		};
/* End PBXGroup section */

/* Begin PBXNativeTarget section */
		B88E1B9A2977A70E006072B7 /* GetARock */ = {
			isa = PBXNativeTarget;
			buildConfigurationList = B88E1BC52977A70F006072B7 /* Build configuration list for PBXNativeTarget "GetARock" */;
			buildPhases = (
				6E60DBFA6491196E6B6949CE /* [CP] Check Pods Manifest.lock */,
				B88E1B972977A70E006072B7 /* Sources */,
				B88E1B982977A70E006072B7 /* Frameworks */,
				B88E1B992977A70E006072B7 /* Resources */,
				FC25A0F32FC0526366BA412B /* [CP] Copy Pods Resources */,
			);
			buildRules = (
			);
			dependencies = (
			);
			name = GetARock;
			productName = GetARock;
			productReference = B88E1B9B2977A70E006072B7 /* GetARock.app */;
			productType = "com.apple.product-type.application";
		};
		B88E1BB02977A70F006072B7 /* GetARockTests */ = {
			isa = PBXNativeTarget;
			buildConfigurationList = B88E1BC82977A70F006072B7 /* Build configuration list for PBXNativeTarget "GetARockTests" */;
			buildPhases = (
				A6A7B1B192A64B90EEF15B51 /* [CP] Check Pods Manifest.lock */,
				B88E1BAD2977A70F006072B7 /* Sources */,
				B88E1BAE2977A70F006072B7 /* Frameworks */,
				B88E1BAF2977A70F006072B7 /* Resources */,
			);
			buildRules = (
			);
			dependencies = (
				B88E1BB32977A70F006072B7 /* PBXTargetDependency */,
			);
			name = GetARockTests;
			productName = GetARockTests;
			productReference = B88E1BB12977A70F006072B7 /* GetARockTests.xctest */;
			productType = "com.apple.product-type.bundle.unit-test";
		};
		B88E1BBA2977A70F006072B7 /* GetARockUITests */ = {
			isa = PBXNativeTarget;
			buildConfigurationList = B88E1BCB2977A70F006072B7 /* Build configuration list for PBXNativeTarget "GetARockUITests" */;
			buildPhases = (
				62B84D1ED229928FFE3597FF /* [CP] Check Pods Manifest.lock */,
				B88E1BB72977A70F006072B7 /* Sources */,
				B88E1BB82977A70F006072B7 /* Frameworks */,
				B88E1BB92977A70F006072B7 /* Resources */,
				679414B857149F2ECFD98D33 /* [CP] Copy Pods Resources */,
			);
			buildRules = (
			);
			dependencies = (
				B88E1BBD2977A70F006072B7 /* PBXTargetDependency */,
			);
			name = GetARockUITests;
			productName = GetARockUITests;
			productReference = B88E1BBB2977A70F006072B7 /* GetARockUITests.xctest */;
			productType = "com.apple.product-type.bundle.ui-testing";
		};
/* End PBXNativeTarget section */

/* Begin PBXProject section */
		B88E1B932977A70E006072B7 /* Project object */ = {
			isa = PBXProject;
			attributes = {
				BuildIndependentTargetsInParallel = 1;
				LastSwiftUpdateCheck = 1400;
				LastUpgradeCheck = 1400;
				TargetAttributes = {
					B88E1B9A2977A70E006072B7 = {
						CreatedOnToolsVersion = 14.0.1;
					};
					B88E1BB02977A70F006072B7 = {
						CreatedOnToolsVersion = 14.0.1;
						TestTargetID = B88E1B9A2977A70E006072B7;
					};
					B88E1BBA2977A70F006072B7 = {
						CreatedOnToolsVersion = 14.0.1;
						TestTargetID = B88E1B9A2977A70E006072B7;
					};
				};
			};
			buildConfigurationList = B88E1B962977A70E006072B7 /* Build configuration list for PBXProject "GetARock" */;
			compatibilityVersion = "Xcode 14.0";
			developmentRegion = en;
			hasScannedForEncodings = 0;
			knownRegions = (
				en,
				Base,
			);
			mainGroup = B88E1B922977A70E006072B7;
			productRefGroup = B88E1B9C2977A70E006072B7 /* Products */;
			projectDirPath = "";
			projectRoot = "";
			targets = (
				B88E1B9A2977A70E006072B7 /* GetARock */,
				B88E1BB02977A70F006072B7 /* GetARockTests */,
				B88E1BBA2977A70F006072B7 /* GetARockUITests */,
			);
		};
/* End PBXProject section */

/* Begin PBXResourcesBuildPhase section */
		B88E1B992977A70E006072B7 /* Resources */ = {
			isa = PBXResourcesBuildPhase;
			buildActionMask = 2147483647;
			files = (
				B88E1BA82977A70F006072B7 /* Assets.xcassets in Resources */,
			);
			runOnlyForDeploymentPostprocessing = 0;
		};
		B88E1BAF2977A70F006072B7 /* Resources */ = {
			isa = PBXResourcesBuildPhase;
			buildActionMask = 2147483647;
			files = (
			);
			runOnlyForDeploymentPostprocessing = 0;
		};
		B88E1BB92977A70F006072B7 /* Resources */ = {
			isa = PBXResourcesBuildPhase;
			buildActionMask = 2147483647;
			files = (
			);
			runOnlyForDeploymentPostprocessing = 0;
		};
/* End PBXResourcesBuildPhase section */

/* Begin PBXShellScriptBuildPhase section */
		62B84D1ED229928FFE3597FF /* [CP] Check Pods Manifest.lock */ = {
			isa = PBXShellScriptBuildPhase;
			buildActionMask = 2147483647;
			files = (
			);
			inputFileListPaths = (
			);
			inputPaths = (
				"${PODS_PODFILE_DIR_PATH}/Podfile.lock",
				"${PODS_ROOT}/Manifest.lock",
			);
			name = "[CP] Check Pods Manifest.lock";
			outputFileListPaths = (
			);
			outputPaths = (
				"$(DERIVED_FILE_DIR)/Pods-GetARock-GetARockUITests-checkManifestLockResult.txt",
			);
			runOnlyForDeploymentPostprocessing = 0;
			shellPath = /bin/sh;
			shellScript = "diff \"${PODS_PODFILE_DIR_PATH}/Podfile.lock\" \"${PODS_ROOT}/Manifest.lock\" > /dev/null\nif [ $? != 0 ] ; then\n    # print error to STDERR\n    echo \"error: The sandbox is not in sync with the Podfile.lock. Run 'pod install' or update your CocoaPods installation.\" >&2\n    exit 1\nfi\n# This output is used by Xcode 'outputs' to avoid re-running this script phase.\necho \"SUCCESS\" > \"${SCRIPT_OUTPUT_FILE_0}\"\n";
			showEnvVarsInLog = 0;
		};
		679414B857149F2ECFD98D33 /* [CP] Copy Pods Resources */ = {
			isa = PBXShellScriptBuildPhase;
			buildActionMask = 2147483647;
			files = (
			);
			inputFileListPaths = (
				"${PODS_ROOT}/Target Support Files/Pods-GetARock-GetARockUITests/Pods-GetARock-GetARockUITests-resources-${CONFIGURATION}-input-files.xcfilelist",
			);
			name = "[CP] Copy Pods Resources";
			outputFileListPaths = (
				"${PODS_ROOT}/Target Support Files/Pods-GetARock-GetARockUITests/Pods-GetARock-GetARockUITests-resources-${CONFIGURATION}-output-files.xcfilelist",
			);
			runOnlyForDeploymentPostprocessing = 0;
			shellPath = /bin/sh;
			shellScript = "\"${PODS_ROOT}/Target Support Files/Pods-GetARock-GetARockUITests/Pods-GetARock-GetARockUITests-resources.sh\"\n";
			showEnvVarsInLog = 0;
		};
		6E60DBFA6491196E6B6949CE /* [CP] Check Pods Manifest.lock */ = {
			isa = PBXShellScriptBuildPhase;
			buildActionMask = 2147483647;
			files = (
			);
			inputFileListPaths = (
			);
			inputPaths = (
				"${PODS_PODFILE_DIR_PATH}/Podfile.lock",
				"${PODS_ROOT}/Manifest.lock",
			);
			name = "[CP] Check Pods Manifest.lock";
			outputFileListPaths = (
			);
			outputPaths = (
				"$(DERIVED_FILE_DIR)/Pods-GetARock-checkManifestLockResult.txt",
			);
			runOnlyForDeploymentPostprocessing = 0;
			shellPath = /bin/sh;
			shellScript = "diff \"${PODS_PODFILE_DIR_PATH}/Podfile.lock\" \"${PODS_ROOT}/Manifest.lock\" > /dev/null\nif [ $? != 0 ] ; then\n    # print error to STDERR\n    echo \"error: The sandbox is not in sync with the Podfile.lock. Run 'pod install' or update your CocoaPods installation.\" >&2\n    exit 1\nfi\n# This output is used by Xcode 'outputs' to avoid re-running this script phase.\necho \"SUCCESS\" > \"${SCRIPT_OUTPUT_FILE_0}\"\n";
			showEnvVarsInLog = 0;
		};
		A6A7B1B192A64B90EEF15B51 /* [CP] Check Pods Manifest.lock */ = {
			isa = PBXShellScriptBuildPhase;
			buildActionMask = 2147483647;
			files = (
			);
			inputFileListPaths = (
			);
			inputPaths = (
				"${PODS_PODFILE_DIR_PATH}/Podfile.lock",
				"${PODS_ROOT}/Manifest.lock",
			);
			name = "[CP] Check Pods Manifest.lock";
			outputFileListPaths = (
			);
			outputPaths = (
				"$(DERIVED_FILE_DIR)/Pods-GetARockTests-checkManifestLockResult.txt",
			);
			runOnlyForDeploymentPostprocessing = 0;
			shellPath = /bin/sh;
			shellScript = "diff \"${PODS_PODFILE_DIR_PATH}/Podfile.lock\" \"${PODS_ROOT}/Manifest.lock\" > /dev/null\nif [ $? != 0 ] ; then\n    # print error to STDERR\n    echo \"error: The sandbox is not in sync with the Podfile.lock. Run 'pod install' or update your CocoaPods installation.\" >&2\n    exit 1\nfi\n# This output is used by Xcode 'outputs' to avoid re-running this script phase.\necho \"SUCCESS\" > \"${SCRIPT_OUTPUT_FILE_0}\"\n";
			showEnvVarsInLog = 0;
		};
		FC25A0F32FC0526366BA412B /* [CP] Copy Pods Resources */ = {
			isa = PBXShellScriptBuildPhase;
			buildActionMask = 2147483647;
			files = (
			);
			inputFileListPaths = (
				"${PODS_ROOT}/Target Support Files/Pods-GetARock/Pods-GetARock-resources-${CONFIGURATION}-input-files.xcfilelist",
			);
			name = "[CP] Copy Pods Resources";
			outputFileListPaths = (
				"${PODS_ROOT}/Target Support Files/Pods-GetARock/Pods-GetARock-resources-${CONFIGURATION}-output-files.xcfilelist",
			);
			runOnlyForDeploymentPostprocessing = 0;
			shellPath = /bin/sh;
			shellScript = "\"${PODS_ROOT}/Target Support Files/Pods-GetARock/Pods-GetARock-resources.sh\"\n";
			showEnvVarsInLog = 0;
		};
/* End PBXShellScriptBuildPhase section */

/* Begin PBXSourcesBuildPhase section */
		B88E1B972977A70E006072B7 /* Sources */ = {
			isa = PBXSourcesBuildPhase;
			buildActionMask = 2147483647;
			files = (
				B88E1BD92977ABD9006072B7 /* StringLiteral.swift in Sources */,
				B88E1BD72977AB3D006072B7 /* ImageLiteral.swift in Sources */,
				B88E1BE52977AEC2006072B7 /* LandingViewController.swift in Sources */,
				4AF5845A2978E497008F4068 /* UIView+Constraints.swift in Sources */,
				B88E1BDF2977ACB6006072B7 /* SampleView.swift in Sources */,
				B88E1BD32977A95E006072B7 /* BaseViewController.swift in Sources */,
				4A08A9B6297BC39000822FF9 /* PositionCollectionViewCell.swift in Sources */,
				B88E1B9F2977A70E006072B7 /* AppDelegate.swift in Sources */,
				4A08A9B4297BB0A300822FF9 /* PositionCollectionView.swift in Sources */,
				B88E1BA12977A70E006072B7 /* SceneDelegate.swift in Sources */,
				B88E1BE12977AD2D006072B7 /* UIColor+Extension.swift in Sources */,
				4A08A9B8297C05F800822FF9 /* NSObject+Extension.swift in Sources */,
			);
			runOnlyForDeploymentPostprocessing = 0;
		};
		B88E1BAD2977A70F006072B7 /* Sources */ = {
			isa = PBXSourcesBuildPhase;
			buildActionMask = 2147483647;
			files = (
				B88E1BB62977A70F006072B7 /* GetARockTests.swift in Sources */,
			);
			runOnlyForDeploymentPostprocessing = 0;
		};
		B88E1BB72977A70F006072B7 /* Sources */ = {
			isa = PBXSourcesBuildPhase;
			buildActionMask = 2147483647;
			files = (
				B88E1BC22977A70F006072B7 /* GetARockUITestsLaunchTests.swift in Sources */,
				B88E1BC02977A70F006072B7 /* GetARockUITests.swift in Sources */,
			);
			runOnlyForDeploymentPostprocessing = 0;
		};
/* End PBXSourcesBuildPhase section */

/* Begin PBXTargetDependency section */
		B88E1BB32977A70F006072B7 /* PBXTargetDependency */ = {
			isa = PBXTargetDependency;
			target = B88E1B9A2977A70E006072B7 /* GetARock */;
			targetProxy = B88E1BB22977A70F006072B7 /* PBXContainerItemProxy */;
		};
		B88E1BBD2977A70F006072B7 /* PBXTargetDependency */ = {
			isa = PBXTargetDependency;
			target = B88E1B9A2977A70E006072B7 /* GetARock */;
			targetProxy = B88E1BBC2977A70F006072B7 /* PBXContainerItemProxy */;
		};
/* End PBXTargetDependency section */

/* Begin XCBuildConfiguration section */
		B88E1BC32977A70F006072B7 /* Debug */ = {
			isa = XCBuildConfiguration;
			buildSettings = {
				ALWAYS_SEARCH_USER_PATHS = NO;
				CLANG_ANALYZER_NONNULL = YES;
				CLANG_ANALYZER_NUMBER_OBJECT_CONVERSION = YES_AGGRESSIVE;
				CLANG_CXX_LANGUAGE_STANDARD = "gnu++20";
				CLANG_ENABLE_MODULES = YES;
				CLANG_ENABLE_OBJC_ARC = YES;
				CLANG_ENABLE_OBJC_WEAK = YES;
				CLANG_WARN_BLOCK_CAPTURE_AUTORELEASING = YES;
				CLANG_WARN_BOOL_CONVERSION = YES;
				CLANG_WARN_COMMA = YES;
				CLANG_WARN_CONSTANT_CONVERSION = YES;
				CLANG_WARN_DEPRECATED_OBJC_IMPLEMENTATIONS = YES;
				CLANG_WARN_DIRECT_OBJC_ISA_USAGE = YES_ERROR;
				CLANG_WARN_DOCUMENTATION_COMMENTS = YES;
				CLANG_WARN_EMPTY_BODY = YES;
				CLANG_WARN_ENUM_CONVERSION = YES;
				CLANG_WARN_INFINITE_RECURSION = YES;
				CLANG_WARN_INT_CONVERSION = YES;
				CLANG_WARN_NON_LITERAL_NULL_CONVERSION = YES;
				CLANG_WARN_OBJC_IMPLICIT_RETAIN_SELF = YES;
				CLANG_WARN_OBJC_LITERAL_CONVERSION = YES;
				CLANG_WARN_OBJC_ROOT_CLASS = YES_ERROR;
				CLANG_WARN_QUOTED_INCLUDE_IN_FRAMEWORK_HEADER = YES;
				CLANG_WARN_RANGE_LOOP_ANALYSIS = YES;
				CLANG_WARN_STRICT_PROTOTYPES = YES;
				CLANG_WARN_SUSPICIOUS_MOVE = YES;
				CLANG_WARN_UNGUARDED_AVAILABILITY = YES_AGGRESSIVE;
				CLANG_WARN_UNREACHABLE_CODE = YES;
				CLANG_WARN__DUPLICATE_METHOD_MATCH = YES;
				COPY_PHASE_STRIP = NO;
				DEBUG_INFORMATION_FORMAT = dwarf;
				ENABLE_STRICT_OBJC_MSGSEND = YES;
				ENABLE_TESTABILITY = YES;
				GCC_C_LANGUAGE_STANDARD = gnu11;
				GCC_DYNAMIC_NO_PIC = NO;
				GCC_NO_COMMON_BLOCKS = YES;
				GCC_OPTIMIZATION_LEVEL = 0;
				GCC_PREPROCESSOR_DEFINITIONS = (
					"DEBUG=1",
					"$(inherited)",
				);
				GCC_WARN_64_TO_32_BIT_CONVERSION = YES;
				GCC_WARN_ABOUT_RETURN_TYPE = YES_ERROR;
				GCC_WARN_UNDECLARED_SELECTOR = YES;
				GCC_WARN_UNINITIALIZED_AUTOS = YES_AGGRESSIVE;
				GCC_WARN_UNUSED_FUNCTION = YES;
				GCC_WARN_UNUSED_VARIABLE = YES;
				IPHONEOS_DEPLOYMENT_TARGET = 15.0;
				MTL_ENABLE_DEBUG_INFO = INCLUDE_SOURCE;
				MTL_FAST_MATH = YES;
				ONLY_ACTIVE_ARCH = YES;
				SDKROOT = iphoneos;
				SWIFT_ACTIVE_COMPILATION_CONDITIONS = DEBUG;
				SWIFT_OPTIMIZATION_LEVEL = "-Onone";
			};
			name = Debug;
		};
		B88E1BC42977A70F006072B7 /* Release */ = {
			isa = XCBuildConfiguration;
			buildSettings = {
				ALWAYS_SEARCH_USER_PATHS = NO;
				CLANG_ANALYZER_NONNULL = YES;
				CLANG_ANALYZER_NUMBER_OBJECT_CONVERSION = YES_AGGRESSIVE;
				CLANG_CXX_LANGUAGE_STANDARD = "gnu++20";
				CLANG_ENABLE_MODULES = YES;
				CLANG_ENABLE_OBJC_ARC = YES;
				CLANG_ENABLE_OBJC_WEAK = YES;
				CLANG_WARN_BLOCK_CAPTURE_AUTORELEASING = YES;
				CLANG_WARN_BOOL_CONVERSION = YES;
				CLANG_WARN_COMMA = YES;
				CLANG_WARN_CONSTANT_CONVERSION = YES;
				CLANG_WARN_DEPRECATED_OBJC_IMPLEMENTATIONS = YES;
				CLANG_WARN_DIRECT_OBJC_ISA_USAGE = YES_ERROR;
				CLANG_WARN_DOCUMENTATION_COMMENTS = YES;
				CLANG_WARN_EMPTY_BODY = YES;
				CLANG_WARN_ENUM_CONVERSION = YES;
				CLANG_WARN_INFINITE_RECURSION = YES;
				CLANG_WARN_INT_CONVERSION = YES;
				CLANG_WARN_NON_LITERAL_NULL_CONVERSION = YES;
				CLANG_WARN_OBJC_IMPLICIT_RETAIN_SELF = YES;
				CLANG_WARN_OBJC_LITERAL_CONVERSION = YES;
				CLANG_WARN_OBJC_ROOT_CLASS = YES_ERROR;
				CLANG_WARN_QUOTED_INCLUDE_IN_FRAMEWORK_HEADER = YES;
				CLANG_WARN_RANGE_LOOP_ANALYSIS = YES;
				CLANG_WARN_STRICT_PROTOTYPES = YES;
				CLANG_WARN_SUSPICIOUS_MOVE = YES;
				CLANG_WARN_UNGUARDED_AVAILABILITY = YES_AGGRESSIVE;
				CLANG_WARN_UNREACHABLE_CODE = YES;
				CLANG_WARN__DUPLICATE_METHOD_MATCH = YES;
				COPY_PHASE_STRIP = NO;
				DEBUG_INFORMATION_FORMAT = "dwarf-with-dsym";
				ENABLE_NS_ASSERTIONS = NO;
				ENABLE_STRICT_OBJC_MSGSEND = YES;
				GCC_C_LANGUAGE_STANDARD = gnu11;
				GCC_NO_COMMON_BLOCKS = YES;
				GCC_WARN_64_TO_32_BIT_CONVERSION = YES;
				GCC_WARN_ABOUT_RETURN_TYPE = YES_ERROR;
				GCC_WARN_UNDECLARED_SELECTOR = YES;
				GCC_WARN_UNINITIALIZED_AUTOS = YES_AGGRESSIVE;
				GCC_WARN_UNUSED_FUNCTION = YES;
				GCC_WARN_UNUSED_VARIABLE = YES;
				IPHONEOS_DEPLOYMENT_TARGET = 15.0;
				MTL_ENABLE_DEBUG_INFO = NO;
				MTL_FAST_MATH = YES;
				SDKROOT = iphoneos;
				SWIFT_COMPILATION_MODE = wholemodule;
				SWIFT_OPTIMIZATION_LEVEL = "-O";
				VALIDATE_PRODUCT = YES;
			};
			name = Release;
		};
		B88E1BC62977A70F006072B7 /* Debug */ = {
			isa = XCBuildConfiguration;
			baseConfigurationReference = 73E771CD1A9B64570FE2B572 /* Pods-GetARock.debug.xcconfig */;
			buildSettings = {
				ASSETCATALOG_COMPILER_APPICON_NAME = AppIcon;
				ASSETCATALOG_COMPILER_GLOBAL_ACCENT_COLOR_NAME = AccentColor;
				CODE_SIGN_STYLE = Automatic;
				CURRENT_PROJECT_VERSION = 1;
				GENERATE_INFOPLIST_FILE = YES;
				INFOPLIST_FILE = GetARock/Global/Supports/Info.plist;
				INFOPLIST_KEY_UIApplicationSupportsIndirectInputEvents = YES;
				INFOPLIST_KEY_UILaunchStoryboardName = LaunchScreen;
				INFOPLIST_KEY_UISupportedInterfaceOrientations = UIInterfaceOrientationPortrait;
				INFOPLIST_KEY_UISupportedInterfaceOrientations_iPad = "UIInterfaceOrientationLandscapeLeft UIInterfaceOrientationLandscapeRight UIInterfaceOrientationPortrait UIInterfaceOrientationPortraitUpsideDown";
				LD_RUNPATH_SEARCH_PATHS = (
					"$(inherited)",
					"@executable_path/Frameworks",
				);
				MARKETING_VERSION = 1.0;
				PRODUCT_BUNDLE_IDENTIFIER = "com.extreme-rock.GetARock";
				PRODUCT_NAME = "$(TARGET_NAME)";
				SUPPORTED_PLATFORMS = "iphoneos iphonesimulator";
				SUPPORTS_MACCATALYST = NO;
				SUPPORTS_MAC_DESIGNED_FOR_IPHONE_IPAD = NO;
				SWIFT_EMIT_LOC_STRINGS = YES;
				SWIFT_VERSION = 5.0;
				TARGETED_DEVICE_FAMILY = 1;
			};
			name = Debug;
		};
		B88E1BC72977A70F006072B7 /* Release */ = {
			isa = XCBuildConfiguration;
			baseConfigurationReference = 6CC3391D5CB01B869CFE1F20 /* Pods-GetARock.release.xcconfig */;
			buildSettings = {
				ASSETCATALOG_COMPILER_APPICON_NAME = AppIcon;
				ASSETCATALOG_COMPILER_GLOBAL_ACCENT_COLOR_NAME = AccentColor;
				CODE_SIGN_STYLE = Automatic;
				CURRENT_PROJECT_VERSION = 1;
				GENERATE_INFOPLIST_FILE = YES;
				INFOPLIST_FILE = GetARock/Global/Supports/Info.plist;
				INFOPLIST_KEY_UIApplicationSupportsIndirectInputEvents = YES;
				INFOPLIST_KEY_UILaunchStoryboardName = LaunchScreen;
				INFOPLIST_KEY_UISupportedInterfaceOrientations = UIInterfaceOrientationPortrait;
				INFOPLIST_KEY_UISupportedInterfaceOrientations_iPad = "UIInterfaceOrientationLandscapeLeft UIInterfaceOrientationLandscapeRight UIInterfaceOrientationPortrait UIInterfaceOrientationPortraitUpsideDown";
				LD_RUNPATH_SEARCH_PATHS = (
					"$(inherited)",
					"@executable_path/Frameworks",
				);
				MARKETING_VERSION = 1.0;
				PRODUCT_BUNDLE_IDENTIFIER = "com.extreme-rock.GetARock";
				PRODUCT_NAME = "$(TARGET_NAME)";
				SUPPORTED_PLATFORMS = "iphoneos iphonesimulator";
				SUPPORTS_MACCATALYST = NO;
				SUPPORTS_MAC_DESIGNED_FOR_IPHONE_IPAD = NO;
				SWIFT_EMIT_LOC_STRINGS = YES;
				SWIFT_VERSION = 5.0;
				TARGETED_DEVICE_FAMILY = 1;
			};
			name = Release;
		};
		B88E1BC92977A70F006072B7 /* Debug */ = {
			isa = XCBuildConfiguration;
			baseConfigurationReference = 1C72EC7590FAAB055CED6028 /* Pods-GetARockTests.debug.xcconfig */;
			buildSettings = {
				ALWAYS_EMBED_SWIFT_STANDARD_LIBRARIES = YES;
				BUNDLE_LOADER = "$(TEST_HOST)";
				CODE_SIGN_STYLE = Automatic;
				CURRENT_PROJECT_VERSION = 1;
				GENERATE_INFOPLIST_FILE = YES;
				IPHONEOS_DEPLOYMENT_TARGET = 16.0;
				MARKETING_VERSION = 1.0;
				PRODUCT_BUNDLE_IDENTIFIER = "com.extreme-rock.GetARockTests";
				PRODUCT_NAME = "$(TARGET_NAME)";
				SWIFT_EMIT_LOC_STRINGS = NO;
				SWIFT_VERSION = 5.0;
				TARGETED_DEVICE_FAMILY = "1,2";
				TEST_HOST = "$(BUILT_PRODUCTS_DIR)/GetARock.app/$(BUNDLE_EXECUTABLE_FOLDER_PATH)/GetARock";
			};
			name = Debug;
		};
		B88E1BCA2977A70F006072B7 /* Release */ = {
			isa = XCBuildConfiguration;
			baseConfigurationReference = 159F0019C5C9AB3A427BD907 /* Pods-GetARockTests.release.xcconfig */;
			buildSettings = {
				ALWAYS_EMBED_SWIFT_STANDARD_LIBRARIES = YES;
				BUNDLE_LOADER = "$(TEST_HOST)";
				CODE_SIGN_STYLE = Automatic;
				CURRENT_PROJECT_VERSION = 1;
				GENERATE_INFOPLIST_FILE = YES;
				IPHONEOS_DEPLOYMENT_TARGET = 16.0;
				MARKETING_VERSION = 1.0;
				PRODUCT_BUNDLE_IDENTIFIER = "com.extreme-rock.GetARockTests";
				PRODUCT_NAME = "$(TARGET_NAME)";
				SWIFT_EMIT_LOC_STRINGS = NO;
				SWIFT_VERSION = 5.0;
				TARGETED_DEVICE_FAMILY = "1,2";
				TEST_HOST = "$(BUILT_PRODUCTS_DIR)/GetARock.app/$(BUNDLE_EXECUTABLE_FOLDER_PATH)/GetARock";
			};
			name = Release;
		};
		B88E1BCC2977A70F006072B7 /* Debug */ = {
			isa = XCBuildConfiguration;
			baseConfigurationReference = 9519F0525025E6972410CA40 /* Pods-GetARock-GetARockUITests.debug.xcconfig */;
			buildSettings = {
				ALWAYS_EMBED_SWIFT_STANDARD_LIBRARIES = YES;
				CODE_SIGN_STYLE = Automatic;
				CURRENT_PROJECT_VERSION = 1;
				GENERATE_INFOPLIST_FILE = YES;
				MARKETING_VERSION = 1.0;
				PRODUCT_BUNDLE_IDENTIFIER = "com.extreme-rock.GetARockUITests";
				PRODUCT_NAME = "$(TARGET_NAME)";
				SWIFT_EMIT_LOC_STRINGS = NO;
				SWIFT_VERSION = 5.0;
				TARGETED_DEVICE_FAMILY = "1,2";
				TEST_TARGET_NAME = GetARock;
			};
			name = Debug;
		};
		B88E1BCD2977A70F006072B7 /* Release */ = {
			isa = XCBuildConfiguration;
			baseConfigurationReference = 042CA552869A689C62642FFF /* Pods-GetARock-GetARockUITests.release.xcconfig */;
			buildSettings = {
				ALWAYS_EMBED_SWIFT_STANDARD_LIBRARIES = YES;
				CODE_SIGN_STYLE = Automatic;
				CURRENT_PROJECT_VERSION = 1;
				GENERATE_INFOPLIST_FILE = YES;
				MARKETING_VERSION = 1.0;
				PRODUCT_BUNDLE_IDENTIFIER = "com.extreme-rock.GetARockUITests";
				PRODUCT_NAME = "$(TARGET_NAME)";
				SWIFT_EMIT_LOC_STRINGS = NO;
				SWIFT_VERSION = 5.0;
				TARGETED_DEVICE_FAMILY = "1,2";
				TEST_TARGET_NAME = GetARock;
			};
			name = Release;
		};
/* End XCBuildConfiguration section */

/* Begin XCConfigurationList section */
		B88E1B962977A70E006072B7 /* Build configuration list for PBXProject "GetARock" */ = {
			isa = XCConfigurationList;
			buildConfigurations = (
				B88E1BC32977A70F006072B7 /* Debug */,
				B88E1BC42977A70F006072B7 /* Release */,
			);
			defaultConfigurationIsVisible = 0;
			defaultConfigurationName = Release;
		};
		B88E1BC52977A70F006072B7 /* Build configuration list for PBXNativeTarget "GetARock" */ = {
			isa = XCConfigurationList;
			buildConfigurations = (
				B88E1BC62977A70F006072B7 /* Debug */,
				B88E1BC72977A70F006072B7 /* Release */,
			);
			defaultConfigurationIsVisible = 0;
			defaultConfigurationName = Release;
		};
		B88E1BC82977A70F006072B7 /* Build configuration list for PBXNativeTarget "GetARockTests" */ = {
			isa = XCConfigurationList;
			buildConfigurations = (
				B88E1BC92977A70F006072B7 /* Debug */,
				B88E1BCA2977A70F006072B7 /* Release */,
			);
			defaultConfigurationIsVisible = 0;
			defaultConfigurationName = Release;
		};
		B88E1BCB2977A70F006072B7 /* Build configuration list for PBXNativeTarget "GetARockUITests" */ = {
			isa = XCConfigurationList;
			buildConfigurations = (
				B88E1BCC2977A70F006072B7 /* Debug */,
				B88E1BCD2977A70F006072B7 /* Release */,
			);
			defaultConfigurationIsVisible = 0;
			defaultConfigurationName = Release;
		};
/* End XCConfigurationList section */
	};
	rootObject = B88E1B932977A70E006072B7 /* Project object */;
}
