// !$*UTF8*$!
{
	archiveVersion = 1;
	classes = {
	};
	objectVersion = 56;
	objects = {

/* Begin PBXBuildFile section */
		2A35EDA1F6F1B54EC4E9AEF0 /* Pods_GetARock_GetARockUITests.framework in Frameworks */ = {isa = PBXBuildFile; fileRef = 2CDE4C1D1C0D8EC9E6B8B706 /* Pods_GetARock_GetARockUITests.framework */; };
		4A00132B29835CF600EA992E /* UIImage+Extension.swift in Sources */ = {isa = PBXBuildFile; fileRef = 4A00132A29835CF600EA992E /* UIImage+Extension.swift */; };
		4A08A9B4297BB0A300822FF9 /* PositionCollectionView.swift in Sources */ = {isa = PBXBuildFile; fileRef = 4A08A9B3297BB0A300822FF9 /* PositionCollectionView.swift */; };
		4A08A9B6297BC39000822FF9 /* PositionCollectionViewCell.swift in Sources */ = {isa = PBXBuildFile; fileRef = 4A08A9B5297BC39000822FF9 /* PositionCollectionViewCell.swift */; };
		4A08A9B8297C05F800822FF9 /* NSObject+Extension.swift in Sources */ = {isa = PBXBuildFile; fileRef = 4A08A9B7297C05F800822FF9 /* NSObject+Extension.swift */; };
		4A20270D2983FF410042EEFA /* NegativeDefaultButton.swift in Sources */ = {isa = PBXBuildFile; fileRef = 4A20270C2983FF410042EEFA /* NegativeDefaultButton.swift */; };
		4A20271129863D800042EEFA /* ModifyPageSegmentedControl.swift in Sources */ = {isa = PBXBuildFile; fileRef = 4A20271029863D800042EEFA /* ModifyPageSegmentedControl.swift */; };
		4A20271329865BEB0042EEFA /* InformationPageSegmentedControl.swift in Sources */ = {isa = PBXBuildFile; fileRef = 4A20271229865BEB0042EEFA /* InformationPageSegmentedControl.swift */; };
		4A2027162987627E0042EEFA /* PositionSelectViewController.swift in Sources */ = {isa = PBXBuildFile; fileRef = 4A2027152987627E0042EEFA /* PositionSelectViewController.swift */; };
		4A268C63299A18660068F200 /* ModifyMyPageViewController.swift in Sources */ = {isa = PBXBuildFile; fileRef = 4A268C62299A18660068F200 /* ModifyMyPageViewController.swift */; };
		4A268C65299A187B0068F200 /* ModifyPositionViewController.swift in Sources */ = {isa = PBXBuildFile; fileRef = 4A268C64299A187B0068F200 /* ModifyPositionViewController.swift */; };
		4A268C67299A18B10068F200 /* ModifyUserProfileViewController.swift in Sources */ = {isa = PBXBuildFile; fileRef = 4A268C66299A18B10068F200 /* ModifyUserProfileViewController.swift */; };
		4A4AF2D029961A1B00E48791 /* SetAuthorizationViewController.swift in Sources */ = {isa = PBXBuildFile; fileRef = 4A4AF2CF29961A1B00E48791 /* SetAuthorizationViewController.swift */; };
		4A59318A2989041200C8DA31 /* PlusPositionViewController.swift in Sources */ = {isa = PBXBuildFile; fileRef = 4A5931892989041200C8DA31 /* PlusPositionViewController.swift */; };
		4A59318C29896E7800C8DA31 /* PositionSelectCollectionViewHeader.swift in Sources */ = {isa = PBXBuildFile; fileRef = 4A59318B29896E7800C8DA31 /* PositionSelectCollectionViewHeader.swift */; };
		4A6A9A3C299DC2AD0039C0F7 /* Notification.Name+Extension.swift in Sources */ = {isa = PBXBuildFile; fileRef = 4A6A9A3B299DC2AC0039C0F7 /* Notification.Name+Extension.swift */; };
		4ABFB6342988160D004BF232 /* PositionCollectionReusableView.swift in Sources */ = {isa = PBXBuildFile; fileRef = 4ABFB6332988160D004BF232 /* PositionCollectionReusableView.swift */; };
		4ABFB63629881959004BF232 /* PlusPositionCollectionViewCell.swift in Sources */ = {isa = PBXBuildFile; fileRef = 4ABFB63529881959004BF232 /* PlusPositionCollectionViewCell.swift */; };
		4AC4CE3D297F7EED00BB823C /* BandMemberCollectionViewCell.swift in Sources */ = {isa = PBXBuildFile; fileRef = 4AC4CE3C297F7EED00BB823C /* BandMemberCollectionViewCell.swift */; };
		4AC4CE41297FB85B00BB823C /* Position.swift in Sources */ = {isa = PBXBuildFile; fileRef = 4AC4CE40297FB85B00BB823C /* Position.swift */; };
		4AC4CE43297FB8AD00BB823C /* BandMember.swift in Sources */ = {isa = PBXBuildFile; fileRef = 4AC4CE42297FB8AD00BB823C /* BandMember.swift */; };
		4AC4CE47297FDFB500BB823C /* BottomButton.swift in Sources */ = {isa = PBXBuildFile; fileRef = 4AC4CE46297FDFB500BB823C /* BottomButton.swift */; };
		4AC4CE49297FE16600BB823C /* UIButton+Extension.swift in Sources */ = {isa = PBXBuildFile; fileRef = 4AC4CE48297FE16600BB823C /* UIButton+Extension.swift */; };
		4AC4CE4B2980B41400BB823C /* DefaultButton.swift in Sources */ = {isa = PBXBuildFile; fileRef = 4AC4CE4A2980B41400BB823C /* DefaultButton.swift */; };
		4AC4CE4D2980BAE800BB823C /* SelectCollectionView.swift in Sources */ = {isa = PBXBuildFile; fileRef = 4AC4CE4C2980BAE800BB823C /* SelectCollectionView.swift */; };
		4AC4CE4F2980BD3700BB823C /* SelectCollectionViewCell.swift in Sources */ = {isa = PBXBuildFile; fileRef = 4AC4CE4E2980BD3700BB823C /* SelectCollectionViewCell.swift */; };
		4AF5845A2978E497008F4068 /* UIView+Constraints.swift in Sources */ = {isa = PBXBuildFile; fileRef = 4AF584592978E497008F4068 /* UIView+Constraints.swift */; };
		7B236A8529854196006AE385 /* IconImageView.swift in Sources */ = {isa = PBXBuildFile; fileRef = 7B236A8429854196006AE385 /* IconImageView.swift */; };
		7B4332802999FD6A0042AD83 /* BandTopInfoView.swift in Sources */ = {isa = PBXBuildFile; fileRef = 7B43327F2999FD6A0042AD83 /* BandTopInfoView.swift */; };
		7B64C25B2983CFFE00E95911 /* SongListView.swift in Sources */ = {isa = PBXBuildFile; fileRef = 7B64C25A2983CFFE00E95911 /* SongListView.swift */; };
		7B6D3354299A2F76001FD630 /* BandDetailViewController.swift in Sources */ = {isa = PBXBuildFile; fileRef = 7B6D3353299A2F76001FD630 /* BandDetailViewController.swift */; };
		7B6D3357299A50F2001FD630 /* DetailContentView.swift in Sources */ = {isa = PBXBuildFile; fileRef = 7B6D3356299A50F2001FD630 /* DetailContentView.swift */; };
		7B7598AD29893A1E00FA6B78 /* SNSButtonView.swift in Sources */ = {isa = PBXBuildFile; fileRef = 7B7598AC29893A1E00FA6B78 /* SNSButtonView.swift */; };
		7B76C5E82982D54100076637 /* SongListCollectionViewCell.swift in Sources */ = {isa = PBXBuildFile; fileRef = 7B76C5E72982D54100076637 /* SongListCollectionViewCell.swift */; };
		7B7B04142988FC1100186986 /* SNSListStackView.swift in Sources */ = {isa = PBXBuildFile; fileRef = 7B7B04132988FC1100186986 /* SNSListStackView.swift */; };
		7B7B04162988FE9900186986 /* SNS.swift in Sources */ = {isa = PBXBuildFile; fileRef = 7B7B04152988FE9900186986 /* SNS.swift */; };
		7BB4FA84299B708C00C44184 /* EventStateLabel.swift in Sources */ = {isa = PBXBuildFile; fileRef = 7BB4FA83299B708C00C44184 /* EventStateLabel.swift */; };
		7BB4FA88299B9AEF00C44184 /* EventStateLabelStackView.swift in Sources */ = {isa = PBXBuildFile; fileRef = 7BB4FA87299B9AEF00C44184 /* EventStateLabelStackView.swift */; };
		7BC2755E2987DF54008F4B9F /* BandButtonView.swift in Sources */ = {isa = PBXBuildFile; fileRef = 7BC2755D2987DF54008F4B9F /* BandButtonView.swift */; };
		7BC275602987EA10008F4B9F /* emptyView.swift in Sources */ = {isa = PBXBuildFile; fileRef = 7BC2755F2987EA10008F4B9F /* emptyView.swift */; };
		7BC8E09D297C0BE6008FD5FE /* UIView+Gradation.swift in Sources */ = {isa = PBXBuildFile; fileRef = 7BC8E09C297C0BE6008FD5FE /* UIView+Gradation.swift */; };
		7BEA1875297AA10800A40488 /* UIFont+Extension.swift in Sources */ = {isa = PBXBuildFile; fileRef = 7BEA1874297AA10800A40488 /* UIFont+Extension.swift */; };
		7BFE01A12982643E009608A2 /* Song.swift in Sources */ = {isa = PBXBuildFile; fileRef = 7BFE01A02982643E009608A2 /* Song.swift */; };
		943928805D82F089F179FC19 /* Pods_GetARock.framework in Frameworks */ = {isa = PBXBuildFile; fileRef = B7323F5DF501B54C2FAD4892 /* Pods_GetARock.framework */; };
		9A29E6E6297E21C500D4A433 /* UITextField+Extension.swift in Sources */ = {isa = PBXBuildFile; fileRef = 9A29E6E5297E21C500D4A433 /* UITextField+Extension.swift */; };
		9A29E6E8297E223A00D4A433 /* BasicComponentSize.swift in Sources */ = {isa = PBXBuildFile; fileRef = 9A29E6E7297E223A00D4A433 /* BasicComponentSize.swift */; };
		9A29E6EA297E233900D4A433 /* BasicTextField.swift in Sources */ = {isa = PBXBuildFile; fileRef = 9A29E6E9297E233900D4A433 /* BasicTextField.swift */; };
		9A3F07752987E1DB009CD500 /* TextLimitTextField.swift in Sources */ = {isa = PBXBuildFile; fileRef = 9A3F07742987E1DB009CD500 /* TextLimitTextField.swift */; };
		9A78BFE3298A9CD900953E4B /* NetworkError.swift in Sources */ = {isa = PBXBuildFile; fileRef = 9A78BFE2298A9CD900953E4B /* NetworkError.swift */; };
		9A78BFE5298A9D7500953E4B /* DuplicationCheckRequest.swift in Sources */ = {isa = PBXBuildFile; fileRef = 9A78BFE4298A9D7500953E4B /* DuplicationCheckRequest.swift */; };
		9ACA585A299B71DD00C6C2BC /* MemberState.swift in Sources */ = {isa = PBXBuildFile; fileRef = 9ACA5859299B71DD00C6C2BC /* MemberState.swift */; };
		9AEA7E7B299A5B44006A730A /* BandMemberAddViewController.swift in Sources */ = {isa = PBXBuildFile; fileRef = 9AEA7E7A299A5B44006A730A /* BandMemberAddViewController.swift */; };
		9AFE0142299906E0004B0BCF /* LeaderPositionSelectViewController.swift in Sources */ = {isa = PBXBuildFile; fileRef = 9AFE0141299906E0004B0BCF /* LeaderPositionSelectViewController.swift */; };
		9AFE014529990754004B0BCF /* LeaderPositionSelectHeaderView.swift in Sources */ = {isa = PBXBuildFile; fileRef = 9AFE014429990754004B0BCF /* LeaderPositionSelectHeaderView.swift */; };
		9AFE014729990FE0004B0BCF /* BandInformationDTO.swift in Sources */ = {isa = PBXBuildFile; fileRef = 9AFE014629990FE0004B0BCF /* BandInformationDTO.swift */; };
		A769E177D6AA52251CAA0997 /* Pods_GetARockTests.framework in Frameworks */ = {isa = PBXBuildFile; fileRef = 77F817079C25E9C663E82B27 /* Pods_GetARockTests.framework */; };
		A951F6532989EF6C00902CED /* String+Extension.swift in Sources */ = {isa = PBXBuildFile; fileRef = A951F6522989EF6C00902CED /* String+Extension.swift */; };
		A96B8A0B2981706C00905BC9 /* BasicTextView.swift in Sources */ = {isa = PBXBuildFile; fileRef = A96B8A0A2981706C00905BC9 /* BasicTextView.swift */; };
		A96B8A0D2981714800905BC9 /* BasicLabel.swift in Sources */ = {isa = PBXBuildFile; fileRef = A96B8A0C2981714800905BC9 /* BasicLabel.swift */; };
		A9EDD38E299A3115003F5392 /* BasicDataModel.swift in Sources */ = {isa = PBXBuildFile; fileRef = A9EDD38D299A3114003F5392 /* BasicDataModel.swift */; };
		B808B6972982A85F00A1A9E2 /* CustomMarker.swift in Sources */ = {isa = PBXBuildFile; fileRef = B808B6962982A85F00A1A9E2 /* CustomMarker.swift */; };
		B8468F5F29797E7D00A9E77E /* MapsInfo.plist in Resources */ = {isa = PBXBuildFile; fileRef = B8468F5E29797E7D00A9E77E /* MapsInfo.plist */; };
		B8468F6129797EFE00A9E77E /* Bundle+Extension.swift in Sources */ = {isa = PBXBuildFile; fileRef = B8468F6029797EFE00A9E77E /* Bundle+Extension.swift */; };
		B8468F66297AD7CB00A9E77E /* MainMapViewController.swift in Sources */ = {isa = PBXBuildFile; fileRef = B8468F65297AD7CB00A9E77E /* MainMapViewController.swift */; };
		B88E1B9F2977A70E006072B7 /* AppDelegate.swift in Sources */ = {isa = PBXBuildFile; fileRef = B88E1B9E2977A70E006072B7 /* AppDelegate.swift */; };
		B88E1BA12977A70E006072B7 /* SceneDelegate.swift in Sources */ = {isa = PBXBuildFile; fileRef = B88E1BA02977A70E006072B7 /* SceneDelegate.swift */; };
		B88E1BA82977A70F006072B7 /* Assets.xcassets in Resources */ = {isa = PBXBuildFile; fileRef = B88E1BA72977A70F006072B7 /* Assets.xcassets */; };
		B88E1BB62977A70F006072B7 /* GetARockTests.swift in Sources */ = {isa = PBXBuildFile; fileRef = B88E1BB52977A70F006072B7 /* GetARockTests.swift */; };
		B88E1BC02977A70F006072B7 /* GetARockUITests.swift in Sources */ = {isa = PBXBuildFile; fileRef = B88E1BBF2977A70F006072B7 /* GetARockUITests.swift */; };
		B88E1BC22977A70F006072B7 /* GetARockUITestsLaunchTests.swift in Sources */ = {isa = PBXBuildFile; fileRef = B88E1BC12977A70F006072B7 /* GetARockUITestsLaunchTests.swift */; };
		B88E1BD32977A95E006072B7 /* BaseViewController.swift in Sources */ = {isa = PBXBuildFile; fileRef = B88E1BD22977A95E006072B7 /* BaseViewController.swift */; };
		B88E1BD72977AB3D006072B7 /* ImageLiteral.swift in Sources */ = {isa = PBXBuildFile; fileRef = B88E1BD62977AB3D006072B7 /* ImageLiteral.swift */; };
		B88E1BD92977ABD9006072B7 /* StringLiteral.swift in Sources */ = {isa = PBXBuildFile; fileRef = B88E1BD82977ABD9006072B7 /* StringLiteral.swift */; };
		B88E1BDF2977ACB6006072B7 /* SampleView.swift in Sources */ = {isa = PBXBuildFile; fileRef = B88E1BDE2977ACB6006072B7 /* SampleView.swift */; };
		B88E1BE12977AD2D006072B7 /* UIColor+Extension.swift in Sources */ = {isa = PBXBuildFile; fileRef = B88E1BE02977AD2D006072B7 /* UIColor+Extension.swift */; };
		B88E1BE52977AEC2006072B7 /* LandingViewController.swift in Sources */ = {isa = PBXBuildFile; fileRef = B88E1BE42977AEC2006072B7 /* LandingViewController.swift */; };
		B8B17C4F2980B67C00806899 /* Band.swift in Sources */ = {isa = PBXBuildFile; fileRef = B8B17C4E2980B67C00806899 /* Band.swift */; };
		B8B17C522980B93300806899 /* Location.swift in Sources */ = {isa = PBXBuildFile; fileRef = B8B17C512980B93300806899 /* Location.swift */; };
		B8B17C542980B99900806899 /* Coordinate.swift in Sources */ = {isa = PBXBuildFile; fileRef = B8B17C532980B99900806899 /* Coordinate.swift */; };
		B8B17C5D29823AC900806899 /* Event.swift in Sources */ = {isa = PBXBuildFile; fileRef = B8B17C5C29823AC900806899 /* Event.swift */; };
/* End PBXBuildFile section */

/* Begin PBXContainerItemProxy section */
		B88E1BB22977A70F006072B7 /* PBXContainerItemProxy */ = {
			isa = PBXContainerItemProxy;
			containerPortal = B88E1B932977A70E006072B7 /* Project object */;
			proxyType = 1;
			remoteGlobalIDString = B88E1B9A2977A70E006072B7;
			remoteInfo = GetARock;
		};
		B88E1BBC2977A70F006072B7 /* PBXContainerItemProxy */ = {
			isa = PBXContainerItemProxy;
			containerPortal = B88E1B932977A70E006072B7 /* Project object */;
			proxyType = 1;
			remoteGlobalIDString = B88E1B9A2977A70E006072B7;
			remoteInfo = GetARock;
		};
/* End PBXContainerItemProxy section */

/* Begin PBXFileReference section */
		042CA552869A689C62642FFF /* Pods-GetARock-GetARockUITests.release.xcconfig */ = {isa = PBXFileReference; includeInIndex = 1; lastKnownFileType = text.xcconfig; name = "Pods-GetARock-GetARockUITests.release.xcconfig"; path = "Target Support Files/Pods-GetARock-GetARockUITests/Pods-GetARock-GetARockUITests.release.xcconfig"; sourceTree = "<group>"; };
		159F0019C5C9AB3A427BD907 /* Pods-GetARockTests.release.xcconfig */ = {isa = PBXFileReference; includeInIndex = 1; lastKnownFileType = text.xcconfig; name = "Pods-GetARockTests.release.xcconfig"; path = "Target Support Files/Pods-GetARockTests/Pods-GetARockTests.release.xcconfig"; sourceTree = "<group>"; };
		1C72EC7590FAAB055CED6028 /* Pods-GetARockTests.debug.xcconfig */ = {isa = PBXFileReference; includeInIndex = 1; lastKnownFileType = text.xcconfig; name = "Pods-GetARockTests.debug.xcconfig"; path = "Target Support Files/Pods-GetARockTests/Pods-GetARockTests.debug.xcconfig"; sourceTree = "<group>"; };
		2CDE4C1D1C0D8EC9E6B8B706 /* Pods_GetARock_GetARockUITests.framework */ = {isa = PBXFileReference; explicitFileType = wrapper.framework; includeInIndex = 0; path = Pods_GetARock_GetARockUITests.framework; sourceTree = BUILT_PRODUCTS_DIR; };
		4A00132A29835CF600EA992E /* UIImage+Extension.swift */ = {isa = PBXFileReference; lastKnownFileType = sourcecode.swift; path = "UIImage+Extension.swift"; sourceTree = "<group>"; };
		4A08A9B3297BB0A300822FF9 /* PositionCollectionView.swift */ = {isa = PBXFileReference; lastKnownFileType = sourcecode.swift; path = PositionCollectionView.swift; sourceTree = "<group>"; };
		4A08A9B5297BC39000822FF9 /* PositionCollectionViewCell.swift */ = {isa = PBXFileReference; lastKnownFileType = sourcecode.swift; path = PositionCollectionViewCell.swift; sourceTree = "<group>"; };
		4A08A9B7297C05F800822FF9 /* NSObject+Extension.swift */ = {isa = PBXFileReference; lastKnownFileType = sourcecode.swift; path = "NSObject+Extension.swift"; sourceTree = "<group>"; };
		4A20270C2983FF410042EEFA /* NegativeDefaultButton.swift */ = {isa = PBXFileReference; lastKnownFileType = sourcecode.swift; path = NegativeDefaultButton.swift; sourceTree = "<group>"; };
		4A20271029863D800042EEFA /* ModifyPageSegmentedControl.swift */ = {isa = PBXFileReference; lastKnownFileType = sourcecode.swift; path = ModifyPageSegmentedControl.swift; sourceTree = "<group>"; };
		4A20271229865BEB0042EEFA /* InformationPageSegmentedControl.swift */ = {isa = PBXFileReference; lastKnownFileType = sourcecode.swift; path = InformationPageSegmentedControl.swift; sourceTree = "<group>"; };
		4A2027152987627E0042EEFA /* PositionSelectViewController.swift */ = {isa = PBXFileReference; lastKnownFileType = sourcecode.swift; path = PositionSelectViewController.swift; sourceTree = "<group>"; };
		4A268C62299A18660068F200 /* ModifyMyPageViewController.swift */ = {isa = PBXFileReference; lastKnownFileType = sourcecode.swift; path = ModifyMyPageViewController.swift; sourceTree = "<group>"; };
		4A268C64299A187B0068F200 /* ModifyPositionViewController.swift */ = {isa = PBXFileReference; lastKnownFileType = sourcecode.swift; path = ModifyPositionViewController.swift; sourceTree = "<group>"; };
		4A268C66299A18B10068F200 /* ModifyUserProfileViewController.swift */ = {isa = PBXFileReference; lastKnownFileType = sourcecode.swift; path = ModifyUserProfileViewController.swift; sourceTree = "<group>"; };
		4A4AF2CF29961A1B00E48791 /* SetAuthorizationViewController.swift */ = {isa = PBXFileReference; lastKnownFileType = sourcecode.swift; path = SetAuthorizationViewController.swift; sourceTree = "<group>"; };
		4A5931892989041200C8DA31 /* PlusPositionViewController.swift */ = {isa = PBXFileReference; lastKnownFileType = sourcecode.swift; path = PlusPositionViewController.swift; sourceTree = "<group>"; };
		4A59318B29896E7800C8DA31 /* PositionSelectCollectionViewHeader.swift */ = {isa = PBXFileReference; lastKnownFileType = sourcecode.swift; path = PositionSelectCollectionViewHeader.swift; sourceTree = "<group>"; };
		4A6A9A3B299DC2AC0039C0F7 /* Notification.Name+Extension.swift */ = {isa = PBXFileReference; lastKnownFileType = sourcecode.swift; path = "Notification.Name+Extension.swift"; sourceTree = "<group>"; };
		4ABFB6332988160D004BF232 /* PositionCollectionReusableView.swift */ = {isa = PBXFileReference; lastKnownFileType = sourcecode.swift; path = PositionCollectionReusableView.swift; sourceTree = "<group>"; };
		4ABFB63529881959004BF232 /* PlusPositionCollectionViewCell.swift */ = {isa = PBXFileReference; lastKnownFileType = sourcecode.swift; path = PlusPositionCollectionViewCell.swift; sourceTree = "<group>"; };
		4AC4CE3C297F7EED00BB823C /* BandMemberCollectionViewCell.swift */ = {isa = PBXFileReference; lastKnownFileType = sourcecode.swift; path = BandMemberCollectionViewCell.swift; sourceTree = "<group>"; };
		4AC4CE40297FB85B00BB823C /* Position.swift */ = {isa = PBXFileReference; lastKnownFileType = sourcecode.swift; path = Position.swift; sourceTree = "<group>"; };
		4AC4CE42297FB8AD00BB823C /* BandMember.swift */ = {isa = PBXFileReference; lastKnownFileType = sourcecode.swift; path = BandMember.swift; sourceTree = "<group>"; };
		4AC4CE46297FDFB500BB823C /* BottomButton.swift */ = {isa = PBXFileReference; lastKnownFileType = sourcecode.swift; path = BottomButton.swift; sourceTree = "<group>"; };
		4AC4CE48297FE16600BB823C /* UIButton+Extension.swift */ = {isa = PBXFileReference; lastKnownFileType = sourcecode.swift; path = "UIButton+Extension.swift"; sourceTree = "<group>"; };
		4AC4CE4A2980B41400BB823C /* DefaultButton.swift */ = {isa = PBXFileReference; lastKnownFileType = sourcecode.swift; path = DefaultButton.swift; sourceTree = "<group>"; };
		4AC4CE4C2980BAE800BB823C /* SelectCollectionView.swift */ = {isa = PBXFileReference; lastKnownFileType = sourcecode.swift; path = SelectCollectionView.swift; sourceTree = "<group>"; };
		4AC4CE4E2980BD3700BB823C /* SelectCollectionViewCell.swift */ = {isa = PBXFileReference; lastKnownFileType = sourcecode.swift; path = SelectCollectionViewCell.swift; sourceTree = "<group>"; };
		4AF584592978E497008F4068 /* UIView+Constraints.swift */ = {isa = PBXFileReference; lastKnownFileType = sourcecode.swift; path = "UIView+Constraints.swift"; sourceTree = "<group>"; };
		6CC3391D5CB01B869CFE1F20 /* Pods-GetARock.release.xcconfig */ = {isa = PBXFileReference; includeInIndex = 1; lastKnownFileType = text.xcconfig; name = "Pods-GetARock.release.xcconfig"; path = "Target Support Files/Pods-GetARock/Pods-GetARock.release.xcconfig"; sourceTree = "<group>"; };
		73E771CD1A9B64570FE2B572 /* Pods-GetARock.debug.xcconfig */ = {isa = PBXFileReference; includeInIndex = 1; lastKnownFileType = text.xcconfig; name = "Pods-GetARock.debug.xcconfig"; path = "Target Support Files/Pods-GetARock/Pods-GetARock.debug.xcconfig"; sourceTree = "<group>"; };
		77F817079C25E9C663E82B27 /* Pods_GetARockTests.framework */ = {isa = PBXFileReference; explicitFileType = wrapper.framework; includeInIndex = 0; path = Pods_GetARockTests.framework; sourceTree = BUILT_PRODUCTS_DIR; };
		7B236A8429854196006AE385 /* IconImageView.swift */ = {isa = PBXFileReference; lastKnownFileType = sourcecode.swift; path = IconImageView.swift; sourceTree = "<group>"; };
		7B43327F2999FD6A0042AD83 /* BandTopInfoView.swift */ = {isa = PBXFileReference; lastKnownFileType = sourcecode.swift; path = BandTopInfoView.swift; sourceTree = "<group>"; };
		7B64C25A2983CFFE00E95911 /* SongListView.swift */ = {isa = PBXFileReference; lastKnownFileType = sourcecode.swift; path = SongListView.swift; sourceTree = "<group>"; };
		7B6D3353299A2F76001FD630 /* BandDetailViewController.swift */ = {isa = PBXFileReference; lastKnownFileType = sourcecode.swift; path = BandDetailViewController.swift; sourceTree = "<group>"; };
		7B6D3356299A50F2001FD630 /* DetailContentView.swift */ = {isa = PBXFileReference; lastKnownFileType = sourcecode.swift; path = DetailContentView.swift; sourceTree = "<group>"; };
		7B7598AC29893A1E00FA6B78 /* SNSButtonView.swift */ = {isa = PBXFileReference; lastKnownFileType = sourcecode.swift; path = SNSButtonView.swift; sourceTree = "<group>"; };
		7B76C5E72982D54100076637 /* SongListCollectionViewCell.swift */ = {isa = PBXFileReference; lastKnownFileType = sourcecode.swift; path = SongListCollectionViewCell.swift; sourceTree = "<group>"; };
		7B7B04132988FC1100186986 /* SNSListStackView.swift */ = {isa = PBXFileReference; lastKnownFileType = sourcecode.swift; path = SNSListStackView.swift; sourceTree = "<group>"; };
		7B7B04152988FE9900186986 /* SNS.swift */ = {isa = PBXFileReference; lastKnownFileType = sourcecode.swift; path = SNS.swift; sourceTree = "<group>"; };
		7BB4FA83299B708C00C44184 /* EventStateLabel.swift */ = {isa = PBXFileReference; lastKnownFileType = sourcecode.swift; path = EventStateLabel.swift; sourceTree = "<group>"; };
		7BB4FA87299B9AEF00C44184 /* EventStateLabelStackView.swift */ = {isa = PBXFileReference; lastKnownFileType = sourcecode.swift; path = EventStateLabelStackView.swift; sourceTree = "<group>"; };
		7BC2755D2987DF54008F4B9F /* BandButtonView.swift */ = {isa = PBXFileReference; lastKnownFileType = sourcecode.swift; path = BandButtonView.swift; sourceTree = "<group>"; };
		7BC2755F2987EA10008F4B9F /* emptyView.swift */ = {isa = PBXFileReference; lastKnownFileType = sourcecode.swift; path = emptyView.swift; sourceTree = "<group>"; };
		7BC8E09C297C0BE6008FD5FE /* UIView+Gradation.swift */ = {isa = PBXFileReference; lastKnownFileType = sourcecode.swift; path = "UIView+Gradation.swift"; sourceTree = "<group>"; };
		7BEA1874297AA10800A40488 /* UIFont+Extension.swift */ = {isa = PBXFileReference; lastKnownFileType = sourcecode.swift; path = "UIFont+Extension.swift"; sourceTree = "<group>"; };
		7BFE01A02982643E009608A2 /* Song.swift */ = {isa = PBXFileReference; lastKnownFileType = sourcecode.swift; path = Song.swift; sourceTree = "<group>"; };
		9519F0525025E6972410CA40 /* Pods-GetARock-GetARockUITests.debug.xcconfig */ = {isa = PBXFileReference; includeInIndex = 1; lastKnownFileType = text.xcconfig; name = "Pods-GetARock-GetARockUITests.debug.xcconfig"; path = "Target Support Files/Pods-GetARock-GetARockUITests/Pods-GetARock-GetARockUITests.debug.xcconfig"; sourceTree = "<group>"; };
		9A29E6E5297E21C500D4A433 /* UITextField+Extension.swift */ = {isa = PBXFileReference; lastKnownFileType = sourcecode.swift; path = "UITextField+Extension.swift"; sourceTree = "<group>"; };
		9A29E6E7297E223A00D4A433 /* BasicComponentSize.swift */ = {isa = PBXFileReference; lastKnownFileType = sourcecode.swift; path = BasicComponentSize.swift; sourceTree = "<group>"; };
		9A29E6E9297E233900D4A433 /* BasicTextField.swift */ = {isa = PBXFileReference; lastKnownFileType = sourcecode.swift; path = BasicTextField.swift; sourceTree = "<group>"; };
		9A3F07742987E1DB009CD500 /* TextLimitTextField.swift */ = {isa = PBXFileReference; lastKnownFileType = sourcecode.swift; path = TextLimitTextField.swift; sourceTree = "<group>"; };
		9A78BFE2298A9CD900953E4B /* NetworkError.swift */ = {isa = PBXFileReference; lastKnownFileType = sourcecode.swift; path = NetworkError.swift; sourceTree = "<group>"; };
		9A78BFE4298A9D7500953E4B /* DuplicationCheckRequest.swift */ = {isa = PBXFileReference; lastKnownFileType = sourcecode.swift; path = DuplicationCheckRequest.swift; sourceTree = "<group>"; };
		9ACA5859299B71DD00C6C2BC /* MemberState.swift */ = {isa = PBXFileReference; lastKnownFileType = sourcecode.swift; path = MemberState.swift; sourceTree = "<group>"; };
		9AEA7E7A299A5B44006A730A /* BandMemberAddViewController.swift */ = {isa = PBXFileReference; lastKnownFileType = sourcecode.swift; path = BandMemberAddViewController.swift; sourceTree = "<group>"; };
		9AFE0141299906E0004B0BCF /* LeaderPositionSelectViewController.swift */ = {isa = PBXFileReference; lastKnownFileType = sourcecode.swift; path = LeaderPositionSelectViewController.swift; sourceTree = "<group>"; };
		9AFE014429990754004B0BCF /* LeaderPositionSelectHeaderView.swift */ = {isa = PBXFileReference; lastKnownFileType = sourcecode.swift; path = LeaderPositionSelectHeaderView.swift; sourceTree = "<group>"; };
		9AFE014629990FE0004B0BCF /* BandInformationDTO.swift */ = {isa = PBXFileReference; lastKnownFileType = sourcecode.swift; path = BandInformationDTO.swift; sourceTree = "<group>"; };
		A951F6522989EF6C00902CED /* String+Extension.swift */ = {isa = PBXFileReference; lastKnownFileType = sourcecode.swift; path = "String+Extension.swift"; sourceTree = "<group>"; };
		A96B8A0A2981706C00905BC9 /* BasicTextView.swift */ = {isa = PBXFileReference; lastKnownFileType = sourcecode.swift; path = BasicTextView.swift; sourceTree = "<group>"; };
		A96B8A0C2981714800905BC9 /* BasicLabel.swift */ = {isa = PBXFileReference; lastKnownFileType = sourcecode.swift; path = BasicLabel.swift; sourceTree = "<group>"; };
		A9EDD38D299A3114003F5392 /* BasicDataModel.swift */ = {isa = PBXFileReference; lastKnownFileType = sourcecode.swift; path = BasicDataModel.swift; sourceTree = "<group>"; };
		B7323F5DF501B54C2FAD4892 /* Pods_GetARock.framework */ = {isa = PBXFileReference; explicitFileType = wrapper.framework; includeInIndex = 0; path = Pods_GetARock.framework; sourceTree = BUILT_PRODUCTS_DIR; };
		B808B6962982A85F00A1A9E2 /* CustomMarker.swift */ = {isa = PBXFileReference; lastKnownFileType = sourcecode.swift; path = CustomMarker.swift; sourceTree = "<group>"; };
		B8468F5E29797E7D00A9E77E /* MapsInfo.plist */ = {isa = PBXFileReference; lastKnownFileType = text.plist.xml; path = MapsInfo.plist; sourceTree = "<group>"; };
		B8468F6029797EFE00A9E77E /* Bundle+Extension.swift */ = {isa = PBXFileReference; lastKnownFileType = sourcecode.swift; path = "Bundle+Extension.swift"; sourceTree = "<group>"; };
		B8468F65297AD7CB00A9E77E /* MainMapViewController.swift */ = {isa = PBXFileReference; lastKnownFileType = sourcecode.swift; path = MainMapViewController.swift; sourceTree = "<group>"; };
		B88E1B9B2977A70E006072B7 /* GetARock.app */ = {isa = PBXFileReference; explicitFileType = wrapper.application; includeInIndex = 0; path = GetARock.app; sourceTree = BUILT_PRODUCTS_DIR; };
		B88E1B9E2977A70E006072B7 /* AppDelegate.swift */ = {isa = PBXFileReference; lastKnownFileType = sourcecode.swift; path = AppDelegate.swift; sourceTree = "<group>"; };
		B88E1BA02977A70E006072B7 /* SceneDelegate.swift */ = {isa = PBXFileReference; lastKnownFileType = sourcecode.swift; path = SceneDelegate.swift; sourceTree = "<group>"; };
		B88E1BA72977A70F006072B7 /* Assets.xcassets */ = {isa = PBXFileReference; lastKnownFileType = folder.assetcatalog; path = Assets.xcassets; sourceTree = "<group>"; };
		B88E1BAC2977A70F006072B7 /* Info.plist */ = {isa = PBXFileReference; lastKnownFileType = text.plist.xml; name = Info.plist; path = GetARock/Global/Supports/Info.plist; sourceTree = SOURCE_ROOT; };
		B88E1BB12977A70F006072B7 /* GetARockTests.xctest */ = {isa = PBXFileReference; explicitFileType = wrapper.cfbundle; includeInIndex = 0; path = GetARockTests.xctest; sourceTree = BUILT_PRODUCTS_DIR; };
		B88E1BB52977A70F006072B7 /* GetARockTests.swift */ = {isa = PBXFileReference; lastKnownFileType = sourcecode.swift; path = GetARockTests.swift; sourceTree = "<group>"; };
		B88E1BBB2977A70F006072B7 /* GetARockUITests.xctest */ = {isa = PBXFileReference; explicitFileType = wrapper.cfbundle; includeInIndex = 0; path = GetARockUITests.xctest; sourceTree = BUILT_PRODUCTS_DIR; };
		B88E1BBF2977A70F006072B7 /* GetARockUITests.swift */ = {isa = PBXFileReference; lastKnownFileType = sourcecode.swift; path = GetARockUITests.swift; sourceTree = "<group>"; };
		B88E1BC12977A70F006072B7 /* GetARockUITestsLaunchTests.swift */ = {isa = PBXFileReference; lastKnownFileType = sourcecode.swift; path = GetARockUITestsLaunchTests.swift; sourceTree = "<group>"; };
		B88E1BD22977A95E006072B7 /* BaseViewController.swift */ = {isa = PBXFileReference; lastKnownFileType = sourcecode.swift; path = BaseViewController.swift; sourceTree = "<group>"; };
		B88E1BD62977AB3D006072B7 /* ImageLiteral.swift */ = {isa = PBXFileReference; lastKnownFileType = sourcecode.swift; path = ImageLiteral.swift; sourceTree = "<group>"; };
		B88E1BD82977ABD9006072B7 /* StringLiteral.swift */ = {isa = PBXFileReference; lastKnownFileType = sourcecode.swift; path = StringLiteral.swift; sourceTree = "<group>"; };
		B88E1BDE2977ACB6006072B7 /* SampleView.swift */ = {isa = PBXFileReference; lastKnownFileType = sourcecode.swift; path = SampleView.swift; sourceTree = "<group>"; };
		B88E1BE02977AD2D006072B7 /* UIColor+Extension.swift */ = {isa = PBXFileReference; lastKnownFileType = sourcecode.swift; path = "UIColor+Extension.swift"; sourceTree = "<group>"; };
		B88E1BE42977AEC2006072B7 /* LandingViewController.swift */ = {isa = PBXFileReference; lastKnownFileType = sourcecode.swift; path = LandingViewController.swift; sourceTree = "<group>"; };
		B8B17C4E2980B67C00806899 /* Band.swift */ = {isa = PBXFileReference; lastKnownFileType = sourcecode.swift; path = Band.swift; sourceTree = "<group>"; };
		B8B17C512980B93300806899 /* Location.swift */ = {isa = PBXFileReference; lastKnownFileType = sourcecode.swift; path = Location.swift; sourceTree = "<group>"; };
		B8B17C532980B99900806899 /* Coordinate.swift */ = {isa = PBXFileReference; lastKnownFileType = sourcecode.swift; path = Coordinate.swift; sourceTree = "<group>"; };
		B8B17C5C29823AC900806899 /* Event.swift */ = {isa = PBXFileReference; lastKnownFileType = sourcecode.swift; path = Event.swift; sourceTree = "<group>"; };
/* End PBXFileReference section */

/* Begin PBXFrameworksBuildPhase section */
		B88E1B982977A70E006072B7 /* Frameworks */ = {
			isa = PBXFrameworksBuildPhase;
			buildActionMask = 2147483647;
			files = (
				943928805D82F089F179FC19 /* Pods_GetARock.framework in Frameworks */,
			);
			runOnlyForDeploymentPostprocessing = 0;
		};
		B88E1BAE2977A70F006072B7 /* Frameworks */ = {
			isa = PBXFrameworksBuildPhase;
			buildActionMask = 2147483647;
			files = (
				A769E177D6AA52251CAA0997 /* Pods_GetARockTests.framework in Frameworks */,
			);
			runOnlyForDeploymentPostprocessing = 0;
		};
		B88E1BB82977A70F006072B7 /* Frameworks */ = {
			isa = PBXFrameworksBuildPhase;
			buildActionMask = 2147483647;
			files = (
				2A35EDA1F6F1B54EC4E9AEF0 /* Pods_GetARock_GetARockUITests.framework in Frameworks */,
			);
			runOnlyForDeploymentPostprocessing = 0;
		};
/* End PBXFrameworksBuildPhase section */

/* Begin PBXGroup section */
		2685C6FCDD94E79E5F5908F9 /* Pods */ = {
			isa = PBXGroup;
			children = (
				73E771CD1A9B64570FE2B572 /* Pods-GetARock.debug.xcconfig */,
				6CC3391D5CB01B869CFE1F20 /* Pods-GetARock.release.xcconfig */,
				9519F0525025E6972410CA40 /* Pods-GetARock-GetARockUITests.debug.xcconfig */,
				042CA552869A689C62642FFF /* Pods-GetARock-GetARockUITests.release.xcconfig */,
				1C72EC7590FAAB055CED6028 /* Pods-GetARockTests.debug.xcconfig */,
				159F0019C5C9AB3A427BD907 /* Pods-GetARockTests.release.xcconfig */,
			);
			path = Pods;
			sourceTree = "<group>";
		};
		4A202714298761DA0042EEFA /* SignUp */ = {
			isa = PBXGroup;
			children = (
				4A2027152987627E0042EEFA /* PositionSelectViewController.swift */,
				4A5931892989041200C8DA31 /* PlusPositionViewController.swift */,
				4ABFB6332988160D004BF232 /* PositionCollectionReusableView.swift */,
				4A59318B29896E7800C8DA31 /* PositionSelectCollectionViewHeader.swift */,
				4A4AF2CF29961A1B00E48791 /* SetAuthorizationViewController.swift */,
			);
			path = SignUp;
			sourceTree = "<group>";
		};
		4A268C61299A18000068F200 /* ModifyMyPage */ = {
			isa = PBXGroup;
			children = (
				4A268C62299A18660068F200 /* ModifyMyPageViewController.swift */,
				4A268C64299A187B0068F200 /* ModifyPositionViewController.swift */,
				4A268C66299A18B10068F200 /* ModifyUserProfileViewController.swift */,
			);
			path = ModifyMyPage;
			sourceTree = "<group>";
		};
		4AC4CE3E297FB81E00BB823C /* Network */ = {
			isa = PBXGroup;
			children = (
				4AC4CE3F297FB82C00BB823C /* Model */,
				9A78BFE2298A9CD900953E4B /* NetworkError.swift */,
				9A78BFE4298A9D7500953E4B /* DuplicationCheckRequest.swift */,
			);
			path = Network;
			sourceTree = "<group>";
		};
		4AC4CE3F297FB82C00BB823C /* Model */ = {
			isa = PBXGroup;
			children = (
				4AC4CE40297FB85B00BB823C /* Position.swift */,
				4AC4CE42297FB8AD00BB823C /* BandMember.swift */,
			);
			path = Model;
			sourceTree = "<group>";
		};
		4AF584582978E46A008F4068 /* Utils */ = {
			isa = PBXGroup;
			children = (
				4AF584592978E497008F4068 /* UIView+Constraints.swift */,
				9A29E6E7297E223A00D4A433 /* BasicComponentSize.swift */,
				A96B8A0C2981714800905BC9 /* BasicLabel.swift */,
				A9EDD38D299A3114003F5392 /* BasicDataModel.swift */,
			);
			path = Utils;
			sourceTree = "<group>";
		};
		7B6D3352299A2F3D001FD630 /* BandDetail */ = {
			isa = PBXGroup;
			children = (
				7B6D3355299A4F13001FD630 /* Component */,
				7B6D3353299A2F76001FD630 /* BandDetailViewController.swift */,
			);
			path = BandDetail;
			sourceTree = "<group>";
		};
		7B6D3355299A4F13001FD630 /* Component */ = {
			isa = PBXGroup;
			children = (
				7B43327F2999FD6A0042AD83 /* BandTopInfoView.swift */,
			);
			path = Component;
			sourceTree = "<group>";
		};
		90B6AD933F47E441CE914747 /* Frameworks */ = {
			isa = PBXGroup;
			children = (
				B7323F5DF501B54C2FAD4892 /* Pods_GetARock.framework */,
				2CDE4C1D1C0D8EC9E6B8B706 /* Pods_GetARock_GetARockUITests.framework */,
				77F817079C25E9C663E82B27 /* Pods_GetARockTests.framework */,
			);
			name = Frameworks;
			sourceTree = "<group>";
		};
		9AFE014329990705004B0BCF /* BandCreation */ = {
			isa = PBXGroup;
			children = (
				9AFE0141299906E0004B0BCF /* LeaderPositionSelectViewController.swift */,
				9AFE014429990754004B0BCF /* LeaderPositionSelectHeaderView.swift */,
				9AEA7E7A299A5B44006A730A /* BandMemberAddViewController.swift */,
			);
			path = BandCreation;
			sourceTree = "<group>";
		};
		B8468F62297A94B900A9E77E /* Maps */ = {
			isa = PBXGroup;
			children = (
				B8468F65297AD7CB00A9E77E /* MainMapViewController.swift */,
				B808B6962982A85F00A1A9E2 /* CustomMarker.swift */,
			);
			path = Maps;
			sourceTree = "<group>";
		};
		B88E1B922977A70E006072B7 = {
			isa = PBXGroup;
			children = (
				B88E1B9D2977A70E006072B7 /* GetARock */,
				B88E1BB42977A70F006072B7 /* GetARockTests */,
				B88E1BBE2977A70F006072B7 /* GetARockUITests */,
				B88E1B9C2977A70E006072B7 /* Products */,
				2685C6FCDD94E79E5F5908F9 /* Pods */,
				90B6AD933F47E441CE914747 /* Frameworks */,
			);
			indentWidth = 4;
			sourceTree = "<group>";
			tabWidth = 4;
		};
		B88E1B9C2977A70E006072B7 /* Products */ = {
			isa = PBXGroup;
			children = (
				B88E1B9B2977A70E006072B7 /* GetARock.app */,
				B88E1BB12977A70F006072B7 /* GetARockTests.xctest */,
				B88E1BBB2977A70F006072B7 /* GetARockUITests.xctest */,
			);
			name = Products;
			sourceTree = "<group>";
		};
		B88E1B9D2977A70E006072B7 /* GetARock */ = {
			isa = PBXGroup;
			children = (
				4AC4CE3E297FB81E00BB823C /* Network */,
				B88E1BCE2977A8C6006072B7 /* Global */,
				B88E1BCF2977A8CD006072B7 /* Screens */,
			);
			path = GetARock;
			sourceTree = "<group>";
		};
		B88E1BB42977A70F006072B7 /* GetARockTests */ = {
			isa = PBXGroup;
			children = (
				B88E1BB52977A70F006072B7 /* GetARockTests.swift */,
			);
			path = GetARockTests;
			sourceTree = "<group>";
		};
		B88E1BBE2977A70F006072B7 /* GetARockUITests */ = {
			isa = PBXGroup;
			children = (
				B88E1BBF2977A70F006072B7 /* GetARockUITests.swift */,
				B88E1BC12977A70F006072B7 /* GetARockUITestsLaunchTests.swift */,
			);
			path = GetARockUITests;
			sourceTree = "<group>";
		};
		B88E1BCE2977A8C6006072B7 /* Global */ = {
			isa = PBXGroup;
			children = (
				B8B17C4B2980A25C00806899 /* Network */,
				4AF584582978E46A008F4068 /* Utils */,
				B88E1BD12977A944006072B7 /* Base */,
				B88E1BD02977A921006072B7 /* Supports */,
				B88E1BD52977AB23006072B7 /* Literal */,
				B88E1BD42977AABF006072B7 /* Extension */,
				B88E1BDB2977AC7E006072B7 /* UIComponent */,
				B88E1BDA2977AC4E006072B7 /* Resource */,
			);
			path = Global;
			sourceTree = "<group>";
		};
		B88E1BCF2977A8CD006072B7 /* Screens */ = {
			isa = PBXGroup;
			children = (
				7B6D3352299A2F3D001FD630 /* BandDetail */,
				4A268C61299A18000068F200 /* ModifyMyPage */,
				4A202714298761DA0042EEFA /* SignUp */,
				B8468F62297A94B900A9E77E /* Maps */,
				B88E1BE22977AE1D006072B7 /* Landing */,
				9AFE014329990705004B0BCF /* BandCreation */,
			);
			path = Screens;
			sourceTree = "<group>";
		};
		B88E1BD02977A921006072B7 /* Supports */ = {
			isa = PBXGroup;
			children = (
				B88E1BAC2977A70F006072B7 /* Info.plist */,
				B8468F5E29797E7D00A9E77E /* MapsInfo.plist */,
				B88E1B9E2977A70E006072B7 /* AppDelegate.swift */,
				B88E1BA02977A70E006072B7 /* SceneDelegate.swift */,
			);
			path = Supports;
			sourceTree = "<group>";
		};
		B88E1BD12977A944006072B7 /* Base */ = {
			isa = PBXGroup;
			children = (
				B88E1BD22977A95E006072B7 /* BaseViewController.swift */,
			);
			path = Base;
			sourceTree = "<group>";
		};
		B88E1BD42977AABF006072B7 /* Extension */ = {
			isa = PBXGroup;
			children = (
				B88E1BE02977AD2D006072B7 /* UIColor+Extension.swift */,
				4A08A9B7297C05F800822FF9 /* NSObject+Extension.swift */,
				7BEA1874297AA10800A40488 /* UIFont+Extension.swift */,
				B8468F6029797EFE00A9E77E /* Bundle+Extension.swift */,
				9A29E6E5297E21C500D4A433 /* UITextField+Extension.swift */,
				7BC8E09C297C0BE6008FD5FE /* UIView+Gradation.swift */,
				4AC4CE48297FE16600BB823C /* UIButton+Extension.swift */,
				4A00132A29835CF600EA992E /* UIImage+Extension.swift */,
				A951F6522989EF6C00902CED /* String+Extension.swift */,
				4A6A9A3B299DC2AC0039C0F7 /* Notification.Name+Extension.swift */,
			);
			path = Extension;
			sourceTree = "<group>";
		};
		B88E1BD52977AB23006072B7 /* Literal */ = {
			isa = PBXGroup;
			children = (
				B88E1BD82977ABD9006072B7 /* StringLiteral.swift */,
				B88E1BD62977AB3D006072B7 /* ImageLiteral.swift */,
			);
			path = Literal;
			sourceTree = "<group>";
		};
		B88E1BDA2977AC4E006072B7 /* Resource */ = {
			isa = PBXGroup;
			children = (
				B88E1BA72977A70F006072B7 /* Assets.xcassets */,
			);
			path = Resource;
			sourceTree = "<group>";
		};
		B88E1BDB2977AC7E006072B7 /* UIComponent */ = {
			isa = PBXGroup;
			children = (
				B88E1BDE2977ACB6006072B7 /* SampleView.swift */,
				9A29E6E9297E233900D4A433 /* BasicTextField.swift */,
				A96B8A0A2981706C00905BC9 /* BasicTextView.swift */,
				4AC4CE4C2980BAE800BB823C /* SelectCollectionView.swift */,
				4AC4CE4E2980BD3700BB823C /* SelectCollectionViewCell.swift */,
				4AC4CE46297FDFB500BB823C /* BottomButton.swift */,
				4A20271029863D800042EEFA /* ModifyPageSegmentedControl.swift */,
				4A20271229865BEB0042EEFA /* InformationPageSegmentedControl.swift */,
				4A08A9B3297BB0A300822FF9 /* PositionCollectionView.swift */,
				4A08A9B5297BC39000822FF9 /* PositionCollectionViewCell.swift */,
				4AC4CE3C297F7EED00BB823C /* BandMemberCollectionViewCell.swift */,
				4AC4CE4A2980B41400BB823C /* DefaultButton.swift */,
				4A20270C2983FF410042EEFA /* NegativeDefaultButton.swift */,
				7B76C5E72982D54100076637 /* SongListCollectionViewCell.swift */,
				7B64C25A2983CFFE00E95911 /* SongListView.swift */,
				7B236A8429854196006AE385 /* IconImageView.swift */,
				7B7B04132988FC1100186986 /* SNSListStackView.swift */,
				7B7598AC29893A1E00FA6B78 /* SNSButtonView.swift */,
				7BC2755D2987DF54008F4B9F /* BandButtonView.swift */,
				9A3F07742987E1DB009CD500 /* TextLimitTextField.swift */,
				7BC2755F2987EA10008F4B9F /* emptyView.swift */,
				4ABFB63529881959004BF232 /* PlusPositionCollectionViewCell.swift */,
				7BB4FA83299B708C00C44184 /* EventStateLabel.swift */,
				7BB4FA87299B9AEF00C44184 /* EventStateLabelStackView.swift */,
				7B6D3356299A50F2001FD630 /* DetailContentView.swift */,
			);
			path = UIComponent;
			sourceTree = "<group>";
		};
		B88E1BE22977AE1D006072B7 /* Landing */ = {
			isa = PBXGroup;
			children = (
				B88E1BE42977AEC2006072B7 /* LandingViewController.swift */,
			);
			path = Landing;
			sourceTree = "<group>";
		};
		B8B17C4B2980A25C00806899 /* Network */ = {
			isa = PBXGroup;
			children = (
				B8B17C4D2980B44D00806899 /* Model */,
			);
			path = Network;
			sourceTree = "<group>";
		};
		B8B17C4D2980B44D00806899 /* Model */ = {
			isa = PBXGroup;
			children = (
				B8B17C4E2980B67C00806899 /* Band.swift */,
				7BFE01A02982643E009608A2 /* Song.swift */,
				7B7B04152988FE9900186986 /* SNS.swift */,
				B8B17C512980B93300806899 /* Location.swift */,
				B8B17C532980B99900806899 /* Coordinate.swift */,
				B8B17C5C29823AC900806899 /* Event.swift */,
				9AFE014629990FE0004B0BCF /* BandInformationDTO.swift */,
				9ACA5859299B71DD00C6C2BC /* MemberState.swift */,
			);
			path = Model;
			sourceTree = "<group>";
		};
/* End PBXGroup section */

/* Begin PBXNativeTarget section */
		B88E1B9A2977A70E006072B7 /* GetARock */ = {
			isa = PBXNativeTarget;
			buildConfigurationList = B88E1BC52977A70F006072B7 /* Build configuration list for PBXNativeTarget "GetARock" */;
			buildPhases = (
				6E60DBFA6491196E6B6949CE /* [CP] Check Pods Manifest.lock */,
				B88E1B972977A70E006072B7 /* Sources */,
				B88E1B982977A70E006072B7 /* Frameworks */,
				B88E1B992977A70E006072B7 /* Resources */,
				FC25A0F32FC0526366BA412B /* [CP] Copy Pods Resources */,
			);
			buildRules = (
			);
			dependencies = (
			);
			name = GetARock;
			productName = GetARock;
			productReference = B88E1B9B2977A70E006072B7 /* GetARock.app */;
			productType = "com.apple.product-type.application";
		};
		B88E1BB02977A70F006072B7 /* GetARockTests */ = {
			isa = PBXNativeTarget;
			buildConfigurationList = B88E1BC82977A70F006072B7 /* Build configuration list for PBXNativeTarget "GetARockTests" */;
			buildPhases = (
				A6A7B1B192A64B90EEF15B51 /* [CP] Check Pods Manifest.lock */,
				B88E1BAD2977A70F006072B7 /* Sources */,
				B88E1BAE2977A70F006072B7 /* Frameworks */,
				B88E1BAF2977A70F006072B7 /* Resources */,
			);
			buildRules = (
			);
			dependencies = (
				B88E1BB32977A70F006072B7 /* PBXTargetDependency */,
			);
			name = GetARockTests;
			productName = GetARockTests;
			productReference = B88E1BB12977A70F006072B7 /* GetARockTests.xctest */;
			productType = "com.apple.product-type.bundle.unit-test";
		};
		B88E1BBA2977A70F006072B7 /* GetARockUITests */ = {
			isa = PBXNativeTarget;
			buildConfigurationList = B88E1BCB2977A70F006072B7 /* Build configuration list for PBXNativeTarget "GetARockUITests" */;
			buildPhases = (
				62B84D1ED229928FFE3597FF /* [CP] Check Pods Manifest.lock */,
				B88E1BB72977A70F006072B7 /* Sources */,
				B88E1BB82977A70F006072B7 /* Frameworks */,
				B88E1BB92977A70F006072B7 /* Resources */,
				679414B857149F2ECFD98D33 /* [CP] Copy Pods Resources */,
			);
			buildRules = (
			);
			dependencies = (
				B88E1BBD2977A70F006072B7 /* PBXTargetDependency */,
			);
			name = GetARockUITests;
			productName = GetARockUITests;
			productReference = B88E1BBB2977A70F006072B7 /* GetARockUITests.xctest */;
			productType = "com.apple.product-type.bundle.ui-testing";
		};
/* End PBXNativeTarget section */

/* Begin PBXProject section */
		B88E1B932977A70E006072B7 /* Project object */ = {
			isa = PBXProject;
			attributes = {
				BuildIndependentTargetsInParallel = 1;
				LastSwiftUpdateCheck = 1400;
				LastUpgradeCheck = 1400;
				TargetAttributes = {
					B88E1B9A2977A70E006072B7 = {
						CreatedOnToolsVersion = 14.0.1;
					};
					B88E1BB02977A70F006072B7 = {
						CreatedOnToolsVersion = 14.0.1;
						TestTargetID = B88E1B9A2977A70E006072B7;
					};
					B88E1BBA2977A70F006072B7 = {
						CreatedOnToolsVersion = 14.0.1;
						TestTargetID = B88E1B9A2977A70E006072B7;
					};
				};
			};
			buildConfigurationList = B88E1B962977A70E006072B7 /* Build configuration list for PBXProject "GetARock" */;
			compatibilityVersion = "Xcode 14.0";
			developmentRegion = en;
			hasScannedForEncodings = 0;
			knownRegions = (
				en,
				Base,
			);
			mainGroup = B88E1B922977A70E006072B7;
			productRefGroup = B88E1B9C2977A70E006072B7 /* Products */;
			projectDirPath = "";
			projectRoot = "";
			targets = (
				B88E1B9A2977A70E006072B7 /* GetARock */,
				B88E1BB02977A70F006072B7 /* GetARockTests */,
				B88E1BBA2977A70F006072B7 /* GetARockUITests */,
			);
		};
/* End PBXProject section */

/* Begin PBXResourcesBuildPhase section */
		B88E1B992977A70E006072B7 /* Resources */ = {
			isa = PBXResourcesBuildPhase;
			buildActionMask = 2147483647;
			files = (
				B88E1BA82977A70F006072B7 /* Assets.xcassets in Resources */,
				B8468F5F29797E7D00A9E77E /* MapsInfo.plist in Resources */,
			);
			runOnlyForDeploymentPostprocessing = 0;
		};
		B88E1BAF2977A70F006072B7 /* Resources */ = {
			isa = PBXResourcesBuildPhase;
			buildActionMask = 2147483647;
			files = (
			);
			runOnlyForDeploymentPostprocessing = 0;
		};
		B88E1BB92977A70F006072B7 /* Resources */ = {
			isa = PBXResourcesBuildPhase;
			buildActionMask = 2147483647;
			files = (
			);
			runOnlyForDeploymentPostprocessing = 0;
		};
/* End PBXResourcesBuildPhase section */

/* Begin PBXShellScriptBuildPhase section */
		62B84D1ED229928FFE3597FF /* [CP] Check Pods Manifest.lock */ = {
			isa = PBXShellScriptBuildPhase;
			buildActionMask = 2147483647;
			files = (
			);
			inputFileListPaths = (
			);
			inputPaths = (
				"${PODS_PODFILE_DIR_PATH}/Podfile.lock",
				"${PODS_ROOT}/Manifest.lock",
			);
			name = "[CP] Check Pods Manifest.lock";
			outputFileListPaths = (
			);
			outputPaths = (
				"$(DERIVED_FILE_DIR)/Pods-GetARock-GetARockUITests-checkManifestLockResult.txt",
			);
			runOnlyForDeploymentPostprocessing = 0;
			shellPath = /bin/sh;
			shellScript = "diff \"${PODS_PODFILE_DIR_PATH}/Podfile.lock\" \"${PODS_ROOT}/Manifest.lock\" > /dev/null\nif [ $? != 0 ] ; then\n    # print error to STDERR\n    echo \"error: The sandbox is not in sync with the Podfile.lock. Run 'pod install' or update your CocoaPods installation.\" >&2\n    exit 1\nfi\n# This output is used by Xcode 'outputs' to avoid re-running this script phase.\necho \"SUCCESS\" > \"${SCRIPT_OUTPUT_FILE_0}\"\n";
			showEnvVarsInLog = 0;
		};
		679414B857149F2ECFD98D33 /* [CP] Copy Pods Resources */ = {
			isa = PBXShellScriptBuildPhase;
			buildActionMask = 2147483647;
			files = (
			);
			inputFileListPaths = (
				"${PODS_ROOT}/Target Support Files/Pods-GetARock-GetARockUITests/Pods-GetARock-GetARockUITests-resources-${CONFIGURATION}-input-files.xcfilelist",
			);
			name = "[CP] Copy Pods Resources";
			outputFileListPaths = (
				"${PODS_ROOT}/Target Support Files/Pods-GetARock-GetARockUITests/Pods-GetARock-GetARockUITests-resources-${CONFIGURATION}-output-files.xcfilelist",
			);
			runOnlyForDeploymentPostprocessing = 0;
			shellPath = /bin/sh;
			shellScript = "\"${PODS_ROOT}/Target Support Files/Pods-GetARock-GetARockUITests/Pods-GetARock-GetARockUITests-resources.sh\"\n";
			showEnvVarsInLog = 0;
		};
		6E60DBFA6491196E6B6949CE /* [CP] Check Pods Manifest.lock */ = {
			isa = PBXShellScriptBuildPhase;
			buildActionMask = 2147483647;
			files = (
			);
			inputFileListPaths = (
			);
			inputPaths = (
				"${PODS_PODFILE_DIR_PATH}/Podfile.lock",
				"${PODS_ROOT}/Manifest.lock",
			);
			name = "[CP] Check Pods Manifest.lock";
			outputFileListPaths = (
			);
			outputPaths = (
				"$(DERIVED_FILE_DIR)/Pods-GetARock-checkManifestLockResult.txt",
			);
			runOnlyForDeploymentPostprocessing = 0;
			shellPath = /bin/sh;
			shellScript = "diff \"${PODS_PODFILE_DIR_PATH}/Podfile.lock\" \"${PODS_ROOT}/Manifest.lock\" > /dev/null\nif [ $? != 0 ] ; then\n    # print error to STDERR\n    echo \"error: The sandbox is not in sync with the Podfile.lock. Run 'pod install' or update your CocoaPods installation.\" >&2\n    exit 1\nfi\n# This output is used by Xcode 'outputs' to avoid re-running this script phase.\necho \"SUCCESS\" > \"${SCRIPT_OUTPUT_FILE_0}\"\n";
			showEnvVarsInLog = 0;
		};
		A6A7B1B192A64B90EEF15B51 /* [CP] Check Pods Manifest.lock */ = {
			isa = PBXShellScriptBuildPhase;
			buildActionMask = 2147483647;
			files = (
			);
			inputFileListPaths = (
			);
			inputPaths = (
				"${PODS_PODFILE_DIR_PATH}/Podfile.lock",
				"${PODS_ROOT}/Manifest.lock",
			);
			name = "[CP] Check Pods Manifest.lock";
			outputFileListPaths = (
			);
			outputPaths = (
				"$(DERIVED_FILE_DIR)/Pods-GetARockTests-checkManifestLockResult.txt",
			);
			runOnlyForDeploymentPostprocessing = 0;
			shellPath = /bin/sh;
			shellScript = "diff \"${PODS_PODFILE_DIR_PATH}/Podfile.lock\" \"${PODS_ROOT}/Manifest.lock\" > /dev/null\nif [ $? != 0 ] ; then\n    # print error to STDERR\n    echo \"error: The sandbox is not in sync with the Podfile.lock. Run 'pod install' or update your CocoaPods installation.\" >&2\n    exit 1\nfi\n# This output is used by Xcode 'outputs' to avoid re-running this script phase.\necho \"SUCCESS\" > \"${SCRIPT_OUTPUT_FILE_0}\"\n";
			showEnvVarsInLog = 0;
		};
		FC25A0F32FC0526366BA412B /* [CP] Copy Pods Resources */ = {
			isa = PBXShellScriptBuildPhase;
			buildActionMask = 2147483647;
			files = (
			);
			inputFileListPaths = (
				"${PODS_ROOT}/Target Support Files/Pods-GetARock/Pods-GetARock-resources-${CONFIGURATION}-input-files.xcfilelist",
			);
			name = "[CP] Copy Pods Resources";
			outputFileListPaths = (
				"${PODS_ROOT}/Target Support Files/Pods-GetARock/Pods-GetARock-resources-${CONFIGURATION}-output-files.xcfilelist",
			);
			runOnlyForDeploymentPostprocessing = 0;
			shellPath = /bin/sh;
			shellScript = "\"${PODS_ROOT}/Target Support Files/Pods-GetARock/Pods-GetARock-resources.sh\"\n";
			showEnvVarsInLog = 0;
		};
/* End PBXShellScriptBuildPhase section */

/* Begin PBXSourcesBuildPhase section */
		B88E1B972977A70E006072B7 /* Sources */ = {
			isa = PBXSourcesBuildPhase;
			buildActionMask = 2147483647;
			files = (
				7B6D3357299A50F2001FD630 /* DetailContentView.swift in Sources */,
				7B7B04162988FE9900186986 /* SNS.swift in Sources */,
				9AFE014529990754004B0BCF /* LeaderPositionSelectHeaderView.swift in Sources */,
				B88E1BD92977ABD9006072B7 /* StringLiteral.swift in Sources */,
				9A78BFE5298A9D7500953E4B /* DuplicationCheckRequest.swift in Sources */,
				A96B8A0D2981714800905BC9 /* BasicLabel.swift in Sources */,
				B88E1BD72977AB3D006072B7 /* ImageLiteral.swift in Sources */,
				4A268C67299A18B10068F200 /* ModifyUserProfileViewController.swift in Sources */,
				7BFE01A12982643E009608A2 /* Song.swift in Sources */,
				7B6D3354299A2F76001FD630 /* BandDetailViewController.swift in Sources */,
				B88E1BE52977AEC2006072B7 /* LandingViewController.swift in Sources */,
				4AF5845A2978E497008F4068 /* UIView+Constraints.swift in Sources */,
				9A29E6EA297E233900D4A433 /* BasicTextField.swift in Sources */,
				4A20271329865BEB0042EEFA /* InformationPageSegmentedControl.swift in Sources */,
				9ACA585A299B71DD00C6C2BC /* MemberState.swift in Sources */,
				B88E1BDF2977ACB6006072B7 /* SampleView.swift in Sources */,
				9AFE014729990FE0004B0BCF /* BandInformationDTO.swift in Sources */,
				B88E1BD32977A95E006072B7 /* BaseViewController.swift in Sources */,
				9A78BFE3298A9CD900953E4B /* NetworkError.swift in Sources */,
				4AC4CE4B2980B41400BB823C /* DefaultButton.swift in Sources */,
				4AC4CE43297FB8AD00BB823C /* BandMember.swift in Sources */,
				A9EDD38E299A3115003F5392 /* BasicDataModel.swift in Sources */,
				4A08A9B6297BC39000822FF9 /* PositionCollectionViewCell.swift in Sources */,
				4AC4CE41297FB85B00BB823C /* Position.swift in Sources */,
				B8B17C522980B93300806899 /* Location.swift in Sources */,
				7BC2755E2987DF54008F4B9F /* BandButtonView.swift in Sources */,
				4A268C65299A187B0068F200 /* ModifyPositionViewController.swift in Sources */,
				7B64C25B2983CFFE00E95911 /* SongListView.swift in Sources */,
				4A59318C29896E7800C8DA31 /* PositionSelectCollectionViewHeader.swift in Sources */,
				B88E1B9F2977A70E006072B7 /* AppDelegate.swift in Sources */,
				7B236A8529854196006AE385 /* IconImageView.swift in Sources */,
				7BB4FA84299B708C00C44184 /* EventStateLabel.swift in Sources */,
				4ABFB6342988160D004BF232 /* PositionCollectionReusableView.swift in Sources */,
				4A08A9B4297BB0A300822FF9 /* PositionCollectionView.swift in Sources */,
				B8B17C5D29823AC900806899 /* Event.swift in Sources */,
				7B7B04142988FC1100186986 /* SNSListStackView.swift in Sources */,
				4A4AF2D029961A1B00E48791 /* SetAuthorizationViewController.swift in Sources */,
				4ABFB63629881959004BF232 /* PlusPositionCollectionViewCell.swift in Sources */,
				B8468F6129797EFE00A9E77E /* Bundle+Extension.swift in Sources */,
				4A2027162987627E0042EEFA /* PositionSelectViewController.swift in Sources */,
				A96B8A0B2981706C00905BC9 /* BasicTextView.swift in Sources */,
				9A29E6E8297E223A00D4A433 /* BasicComponentSize.swift in Sources */,
				A951F6532989EF6C00902CED /* String+Extension.swift in Sources */,
				7BC275602987EA10008F4B9F /* emptyView.swift in Sources */,
				9AEA7E7B299A5B44006A730A /* BandMemberAddViewController.swift in Sources */,
				B88E1BA12977A70E006072B7 /* SceneDelegate.swift in Sources */,
				B8B17C4F2980B67C00806899 /* Band.swift in Sources */,
				4A6A9A3C299DC2AD0039C0F7 /* Notification.Name+Extension.swift in Sources */,
				4A00132B29835CF600EA992E /* UIImage+Extension.swift in Sources */,
				4AC4CE47297FDFB500BB823C /* BottomButton.swift in Sources */,
				9AFE0142299906E0004B0BCF /* LeaderPositionSelectViewController.swift in Sources */,
				4A20271129863D800042EEFA /* ModifyPageSegmentedControl.swift in Sources */,
				4A59318A2989041200C8DA31 /* PlusPositionViewController.swift in Sources */,
				7BB4FA88299B9AEF00C44184 /* EventStateLabelStackView.swift in Sources */,
				7BEA1875297AA10800A40488 /* UIFont+Extension.swift in Sources */,
				9A3F07752987E1DB009CD500 /* TextLimitTextField.swift in Sources */,
				7B4332802999FD6A0042AD83 /* BandTopInfoView.swift in Sources */,
				4AC4CE4D2980BAE800BB823C /* SelectCollectionView.swift in Sources */,
				7B76C5E82982D54100076637 /* SongListCollectionViewCell.swift in Sources */,
				9A29E6E6297E21C500D4A433 /* UITextField+Extension.swift in Sources */,
				B808B6972982A85F00A1A9E2 /* CustomMarker.swift in Sources */,
				4A20270D2983FF410042EEFA /* NegativeDefaultButton.swift in Sources */,
				7B7598AD29893A1E00FA6B78 /* SNSButtonView.swift in Sources */,
				B88E1BE12977AD2D006072B7 /* UIColor+Extension.swift in Sources */,
				4A08A9B8297C05F800822FF9 /* NSObject+Extension.swift in Sources */,
				7BC8E09D297C0BE6008FD5FE /* UIView+Gradation.swift in Sources */,
				B8468F66297AD7CB00A9E77E /* MainMapViewController.swift in Sources */,
				4AC4CE49297FE16600BB823C /* UIButton+Extension.swift in Sources */,
				4A268C63299A18660068F200 /* ModifyMyPageViewController.swift in Sources */,
				4AC4CE3D297F7EED00BB823C /* BandMemberCollectionViewCell.swift in Sources */,
				B8B17C542980B99900806899 /* Coordinate.swift in Sources */,
				4AC4CE4F2980BD3700BB823C /* SelectCollectionViewCell.swift in Sources */,
			);
			runOnlyForDeploymentPostprocessing = 0;
		};
		B88E1BAD2977A70F006072B7 /* Sources */ = {
			isa = PBXSourcesBuildPhase;
			buildActionMask = 2147483647;
			files = (
				B88E1BB62977A70F006072B7 /* GetARockTests.swift in Sources */,
			);
			runOnlyForDeploymentPostprocessing = 0;
		};
		B88E1BB72977A70F006072B7 /* Sources */ = {
			isa = PBXSourcesBuildPhase;
			buildActionMask = 2147483647;
			files = (
				B88E1BC22977A70F006072B7 /* GetARockUITestsLaunchTests.swift in Sources */,
				B88E1BC02977A70F006072B7 /* GetARockUITests.swift in Sources */,
			);
			runOnlyForDeploymentPostprocessing = 0;
		};
/* End PBXSourcesBuildPhase section */

/* Begin PBXTargetDependency section */
		B88E1BB32977A70F006072B7 /* PBXTargetDependency */ = {
			isa = PBXTargetDependency;
			target = B88E1B9A2977A70E006072B7 /* GetARock */;
			targetProxy = B88E1BB22977A70F006072B7 /* PBXContainerItemProxy */;
		};
		B88E1BBD2977A70F006072B7 /* PBXTargetDependency */ = {
			isa = PBXTargetDependency;
			target = B88E1B9A2977A70E006072B7 /* GetARock */;
			targetProxy = B88E1BBC2977A70F006072B7 /* PBXContainerItemProxy */;
		};
/* End PBXTargetDependency section */

/* Begin XCBuildConfiguration section */
		B88E1BC32977A70F006072B7 /* Debug */ = {
			isa = XCBuildConfiguration;
			buildSettings = {
				ALWAYS_SEARCH_USER_PATHS = NO;
				CLANG_ANALYZER_NONNULL = YES;
				CLANG_ANALYZER_NUMBER_OBJECT_CONVERSION = YES_AGGRESSIVE;
				CLANG_CXX_LANGUAGE_STANDARD = "gnu++20";
				CLANG_ENABLE_MODULES = YES;
				CLANG_ENABLE_OBJC_ARC = YES;
				CLANG_ENABLE_OBJC_WEAK = YES;
				CLANG_WARN_BLOCK_CAPTURE_AUTORELEASING = YES;
				CLANG_WARN_BOOL_CONVERSION = YES;
				CLANG_WARN_COMMA = YES;
				CLANG_WARN_CONSTANT_CONVERSION = YES;
				CLANG_WARN_DEPRECATED_OBJC_IMPLEMENTATIONS = YES;
				CLANG_WARN_DIRECT_OBJC_ISA_USAGE = YES_ERROR;
				CLANG_WARN_DOCUMENTATION_COMMENTS = YES;
				CLANG_WARN_EMPTY_BODY = YES;
				CLANG_WARN_ENUM_CONVERSION = YES;
				CLANG_WARN_INFINITE_RECURSION = YES;
				CLANG_WARN_INT_CONVERSION = YES;
				CLANG_WARN_NON_LITERAL_NULL_CONVERSION = YES;
				CLANG_WARN_OBJC_IMPLICIT_RETAIN_SELF = YES;
				CLANG_WARN_OBJC_LITERAL_CONVERSION = YES;
				CLANG_WARN_OBJC_ROOT_CLASS = YES_ERROR;
				CLANG_WARN_QUOTED_INCLUDE_IN_FRAMEWORK_HEADER = YES;
				CLANG_WARN_RANGE_LOOP_ANALYSIS = YES;
				CLANG_WARN_STRICT_PROTOTYPES = YES;
				CLANG_WARN_SUSPICIOUS_MOVE = YES;
				CLANG_WARN_UNGUARDED_AVAILABILITY = YES_AGGRESSIVE;
				CLANG_WARN_UNREACHABLE_CODE = YES;
				CLANG_WARN__DUPLICATE_METHOD_MATCH = YES;
				COPY_PHASE_STRIP = NO;
				DEBUG_INFORMATION_FORMAT = dwarf;
				ENABLE_STRICT_OBJC_MSGSEND = YES;
				ENABLE_TESTABILITY = YES;
				GCC_C_LANGUAGE_STANDARD = gnu11;
				GCC_DYNAMIC_NO_PIC = NO;
				GCC_NO_COMMON_BLOCKS = YES;
				GCC_OPTIMIZATION_LEVEL = 0;
				GCC_PREPROCESSOR_DEFINITIONS = (
					"DEBUG=1",
					"$(inherited)",
				);
				GCC_WARN_64_TO_32_BIT_CONVERSION = YES;
				GCC_WARN_ABOUT_RETURN_TYPE = YES_ERROR;
				GCC_WARN_UNDECLARED_SELECTOR = YES;
				GCC_WARN_UNINITIALIZED_AUTOS = YES_AGGRESSIVE;
				GCC_WARN_UNUSED_FUNCTION = YES;
				GCC_WARN_UNUSED_VARIABLE = YES;
				IPHONEOS_DEPLOYMENT_TARGET = 15.0;
				MTL_ENABLE_DEBUG_INFO = INCLUDE_SOURCE;
				MTL_FAST_MATH = YES;
				ONLY_ACTIVE_ARCH = YES;
				SDKROOT = iphoneos;
				SWIFT_ACTIVE_COMPILATION_CONDITIONS = DEBUG;
				SWIFT_OPTIMIZATION_LEVEL = "-Onone";
			};
			name = Debug;
		};
		B88E1BC42977A70F006072B7 /* Release */ = {
			isa = XCBuildConfiguration;
			buildSettings = {
				ALWAYS_SEARCH_USER_PATHS = NO;
				CLANG_ANALYZER_NONNULL = YES;
				CLANG_ANALYZER_NUMBER_OBJECT_CONVERSION = YES_AGGRESSIVE;
				CLANG_CXX_LANGUAGE_STANDARD = "gnu++20";
				CLANG_ENABLE_MODULES = YES;
				CLANG_ENABLE_OBJC_ARC = YES;
				CLANG_ENABLE_OBJC_WEAK = YES;
				CLANG_WARN_BLOCK_CAPTURE_AUTORELEASING = YES;
				CLANG_WARN_BOOL_CONVERSION = YES;
				CLANG_WARN_COMMA = YES;
				CLANG_WARN_CONSTANT_CONVERSION = YES;
				CLANG_WARN_DEPRECATED_OBJC_IMPLEMENTATIONS = YES;
				CLANG_WARN_DIRECT_OBJC_ISA_USAGE = YES_ERROR;
				CLANG_WARN_DOCUMENTATION_COMMENTS = YES;
				CLANG_WARN_EMPTY_BODY = YES;
				CLANG_WARN_ENUM_CONVERSION = YES;
				CLANG_WARN_INFINITE_RECURSION = YES;
				CLANG_WARN_INT_CONVERSION = YES;
				CLANG_WARN_NON_LITERAL_NULL_CONVERSION = YES;
				CLANG_WARN_OBJC_IMPLICIT_RETAIN_SELF = YES;
				CLANG_WARN_OBJC_LITERAL_CONVERSION = YES;
				CLANG_WARN_OBJC_ROOT_CLASS = YES_ERROR;
				CLANG_WARN_QUOTED_INCLUDE_IN_FRAMEWORK_HEADER = YES;
				CLANG_WARN_RANGE_LOOP_ANALYSIS = YES;
				CLANG_WARN_STRICT_PROTOTYPES = YES;
				CLANG_WARN_SUSPICIOUS_MOVE = YES;
				CLANG_WARN_UNGUARDED_AVAILABILITY = YES_AGGRESSIVE;
				CLANG_WARN_UNREACHABLE_CODE = YES;
				CLANG_WARN__DUPLICATE_METHOD_MATCH = YES;
				COPY_PHASE_STRIP = NO;
				DEBUG_INFORMATION_FORMAT = "dwarf-with-dsym";
				ENABLE_NS_ASSERTIONS = NO;
				ENABLE_STRICT_OBJC_MSGSEND = YES;
				GCC_C_LANGUAGE_STANDARD = gnu11;
				GCC_NO_COMMON_BLOCKS = YES;
				GCC_WARN_64_TO_32_BIT_CONVERSION = YES;
				GCC_WARN_ABOUT_RETURN_TYPE = YES_ERROR;
				GCC_WARN_UNDECLARED_SELECTOR = YES;
				GCC_WARN_UNINITIALIZED_AUTOS = YES_AGGRESSIVE;
				GCC_WARN_UNUSED_FUNCTION = YES;
				GCC_WARN_UNUSED_VARIABLE = YES;
				IPHONEOS_DEPLOYMENT_TARGET = 15.0;
				MTL_ENABLE_DEBUG_INFO = NO;
				MTL_FAST_MATH = YES;
				ONLY_ACTIVE_ARCH = YES;
				SDKROOT = iphoneos;
				SWIFT_COMPILATION_MODE = wholemodule;
				SWIFT_OPTIMIZATION_LEVEL = "-O";
				VALIDATE_PRODUCT = YES;
			};
			name = Release;
		};
		B88E1BC62977A70F006072B7 /* Debug */ = {
			isa = XCBuildConfiguration;
			baseConfigurationReference = 73E771CD1A9B64570FE2B572 /* Pods-GetARock.debug.xcconfig */;
			buildSettings = {
				ASSETCATALOG_COMPILER_APPICON_NAME = AppIcon;
				ASSETCATALOG_COMPILER_GLOBAL_ACCENT_COLOR_NAME = AccentColor;
				CODE_SIGN_IDENTITY = "Apple Development";
				CODE_SIGN_STYLE = Automatic;
				CURRENT_PROJECT_VERSION = 1;
				DEVELOPMENT_TEAM = "";
				GENERATE_INFOPLIST_FILE = YES;
				INFOPLIST_FILE = GetARock/Global/Supports/Info.plist;
				INFOPLIST_KEY_LSApplicationCategoryType = "";
				INFOPLIST_KEY_NSLocationWhenInUseUsageDescription = "위치 정보를 기반으로 현재 위치, 주변 밴드, 모여락 이벤트 정보를 제공합니다.";
				INFOPLIST_KEY_UIApplicationSupportsIndirectInputEvents = YES;
				INFOPLIST_KEY_UILaunchStoryboardName = LaunchScreen;
				INFOPLIST_KEY_UISupportedInterfaceOrientations = UIInterfaceOrientationPortrait;
				INFOPLIST_KEY_UISupportedInterfaceOrientations_iPad = "UIInterfaceOrientationLandscapeLeft UIInterfaceOrientationLandscapeRight UIInterfaceOrientationPortrait UIInterfaceOrientationPortraitUpsideDown";
				LD_RUNPATH_SEARCH_PATHS = (
					"$(inherited)",
					"@executable_path/Frameworks",
				);
				MARKETING_VERSION = 1.0;
				PRODUCT_BUNDLE_IDENTIFIER = "com.extreme-rock.GetARock";
				PRODUCT_NAME = "$(TARGET_NAME)";
				PROVISIONING_PROFILE_SPECIFIER = "";
				SUPPORTED_PLATFORMS = "iphoneos iphonesimulator";
				SUPPORTS_MACCATALYST = NO;
				SUPPORTS_MAC_DESIGNED_FOR_IPHONE_IPAD = NO;
				SWIFT_EMIT_LOC_STRINGS = YES;
				SWIFT_VERSION = 5.0;
				TARGETED_DEVICE_FAMILY = 1;
			};
			name = Debug;
		};
		B88E1BC72977A70F006072B7 /* Release */ = {
			isa = XCBuildConfiguration;
			baseConfigurationReference = 6CC3391D5CB01B869CFE1F20 /* Pods-GetARock.release.xcconfig */;
			buildSettings = {
				ASSETCATALOG_COMPILER_APPICON_NAME = AppIcon;
				ASSETCATALOG_COMPILER_GLOBAL_ACCENT_COLOR_NAME = AccentColor;
				CODE_SIGN_IDENTITY = "Apple Development";
				CODE_SIGN_STYLE = Automatic;
				CURRENT_PROJECT_VERSION = 1;
				DEVELOPMENT_TEAM = "";
				GENERATE_INFOPLIST_FILE = YES;
				INFOPLIST_FILE = GetARock/Global/Supports/Info.plist;
				INFOPLIST_KEY_LSApplicationCategoryType = "";
				INFOPLIST_KEY_NSLocationWhenInUseUsageDescription = "위치 정보를 기반으로 현재 위치, 주변 밴드, 모여락 이벤트 정보를 제공합니다.";
				INFOPLIST_KEY_UIApplicationSupportsIndirectInputEvents = YES;
				INFOPLIST_KEY_UILaunchStoryboardName = LaunchScreen;
				INFOPLIST_KEY_UISupportedInterfaceOrientations = UIInterfaceOrientationPortrait;
				INFOPLIST_KEY_UISupportedInterfaceOrientations_iPad = "UIInterfaceOrientationLandscapeLeft UIInterfaceOrientationLandscapeRight UIInterfaceOrientationPortrait UIInterfaceOrientationPortraitUpsideDown";
				LD_RUNPATH_SEARCH_PATHS = (
					"$(inherited)",
					"@executable_path/Frameworks",
				);
				MARKETING_VERSION = 1.0;
				PRODUCT_BUNDLE_IDENTIFIER = "com.extreme-rock.GetARock";
				PRODUCT_NAME = "$(TARGET_NAME)";
				PROVISIONING_PROFILE_SPECIFIER = "";
				SUPPORTED_PLATFORMS = "iphoneos iphonesimulator";
				SUPPORTS_MACCATALYST = NO;
				SUPPORTS_MAC_DESIGNED_FOR_IPHONE_IPAD = NO;
				SWIFT_EMIT_LOC_STRINGS = YES;
				SWIFT_VERSION = 5.0;
				TARGETED_DEVICE_FAMILY = 1;
			};
			name = Release;
		};
		B88E1BC92977A70F006072B7 /* Debug */ = {
			isa = XCBuildConfiguration;
			baseConfigurationReference = 1C72EC7590FAAB055CED6028 /* Pods-GetARockTests.debug.xcconfig */;
			buildSettings = {
				ALWAYS_EMBED_SWIFT_STANDARD_LIBRARIES = YES;
				BUNDLE_LOADER = "$(TEST_HOST)";
				CODE_SIGN_STYLE = Automatic;
				CURRENT_PROJECT_VERSION = 1;
				GENERATE_INFOPLIST_FILE = YES;
				IPHONEOS_DEPLOYMENT_TARGET = 16.0;
				MARKETING_VERSION = 1.0;
				PRODUCT_BUNDLE_IDENTIFIER = "com.extreme-rock.GetARockTests";
				PRODUCT_NAME = "$(TARGET_NAME)";
				SWIFT_EMIT_LOC_STRINGS = NO;
				SWIFT_VERSION = 5.0;
				TARGETED_DEVICE_FAMILY = "1,2";
				TEST_HOST = "$(BUILT_PRODUCTS_DIR)/GetARock.app/$(BUNDLE_EXECUTABLE_FOLDER_PATH)/GetARock";
			};
			name = Debug;
		};
		B88E1BCA2977A70F006072B7 /* Release */ = {
			isa = XCBuildConfiguration;
			baseConfigurationReference = 159F0019C5C9AB3A427BD907 /* Pods-GetARockTests.release.xcconfig */;
			buildSettings = {
				ALWAYS_EMBED_SWIFT_STANDARD_LIBRARIES = YES;
				BUNDLE_LOADER = "$(TEST_HOST)";
				CODE_SIGN_STYLE = Automatic;
				CURRENT_PROJECT_VERSION = 1;
				GENERATE_INFOPLIST_FILE = YES;
				IPHONEOS_DEPLOYMENT_TARGET = 16.0;
				MARKETING_VERSION = 1.0;
				PRODUCT_BUNDLE_IDENTIFIER = "com.extreme-rock.GetARockTests";
				PRODUCT_NAME = "$(TARGET_NAME)";
				SWIFT_EMIT_LOC_STRINGS = NO;
				SWIFT_VERSION = 5.0;
				TARGETED_DEVICE_FAMILY = "1,2";
				TEST_HOST = "$(BUILT_PRODUCTS_DIR)/GetARock.app/$(BUNDLE_EXECUTABLE_FOLDER_PATH)/GetARock";
			};
			name = Release;
		};
		B88E1BCC2977A70F006072B7 /* Debug */ = {
			isa = XCBuildConfiguration;
			baseConfigurationReference = 9519F0525025E6972410CA40 /* Pods-GetARock-GetARockUITests.debug.xcconfig */;
			buildSettings = {
				ALWAYS_EMBED_SWIFT_STANDARD_LIBRARIES = YES;
				CODE_SIGN_STYLE = Automatic;
				CURRENT_PROJECT_VERSION = 1;
				GENERATE_INFOPLIST_FILE = YES;
				MARKETING_VERSION = 1.0;
				PRODUCT_BUNDLE_IDENTIFIER = "com.extreme-rock.GetARockUITests";
				PRODUCT_NAME = "$(TARGET_NAME)";
				SWIFT_EMIT_LOC_STRINGS = NO;
				SWIFT_VERSION = 5.0;
				TARGETED_DEVICE_FAMILY = "1,2";
				TEST_TARGET_NAME = GetARock;
			};
			name = Debug;
		};
		B88E1BCD2977A70F006072B7 /* Release */ = {
			isa = XCBuildConfiguration;
			baseConfigurationReference = 042CA552869A689C62642FFF /* Pods-GetARock-GetARockUITests.release.xcconfig */;
			buildSettings = {
				ALWAYS_EMBED_SWIFT_STANDARD_LIBRARIES = YES;
				CODE_SIGN_STYLE = Automatic;
				CURRENT_PROJECT_VERSION = 1;
				GENERATE_INFOPLIST_FILE = YES;
				MARKETING_VERSION = 1.0;
				PRODUCT_BUNDLE_IDENTIFIER = "com.extreme-rock.GetARockUITests";
				PRODUCT_NAME = "$(TARGET_NAME)";
				SWIFT_EMIT_LOC_STRINGS = NO;
				SWIFT_VERSION = 5.0;
				TARGETED_DEVICE_FAMILY = "1,2";
				TEST_TARGET_NAME = GetARock;
			};
			name = Release;
		};
/* End XCBuildConfiguration section */

/* Begin XCConfigurationList section */
		B88E1B962977A70E006072B7 /* Build configuration list for PBXProject "GetARock" */ = {
			isa = XCConfigurationList;
			buildConfigurations = (
				B88E1BC32977A70F006072B7 /* Debug */,
				B88E1BC42977A70F006072B7 /* Release */,
			);
			defaultConfigurationIsVisible = 0;
			defaultConfigurationName = Release;
		};
		B88E1BC52977A70F006072B7 /* Build configuration list for PBXNativeTarget "GetARock" */ = {
			isa = XCConfigurationList;
			buildConfigurations = (
				B88E1BC62977A70F006072B7 /* Debug */,
				B88E1BC72977A70F006072B7 /* Release */,
			);
			defaultConfigurationIsVisible = 0;
			defaultConfigurationName = Release;
		};
		B88E1BC82977A70F006072B7 /* Build configuration list for PBXNativeTarget "GetARockTests" */ = {
			isa = XCConfigurationList;
			buildConfigurations = (
				B88E1BC92977A70F006072B7 /* Debug */,
				B88E1BCA2977A70F006072B7 /* Release */,
			);
			defaultConfigurationIsVisible = 0;
			defaultConfigurationName = Release;
		};
		B88E1BCB2977A70F006072B7 /* Build configuration list for PBXNativeTarget "GetARockUITests" */ = {
			isa = XCConfigurationList;
			buildConfigurations = (
				B88E1BCC2977A70F006072B7 /* Debug */,
				B88E1BCD2977A70F006072B7 /* Release */,
			);
			defaultConfigurationIsVisible = 0;
			defaultConfigurationName = Release;
		};
/* End XCConfigurationList section */
	};
	rootObject = B88E1B932977A70E006072B7 /* Project object */;
}
